<?xml version="1.0" encoding="utf-8"?>
<Project ToolsVersion="4.0" xmlns="http://schemas.microsoft.com/developer/msbuild/2003">
  <ItemGroup>
    <Filter Include="src">
      <UniqueIdentifier>{524c58ce-c206-458f-93ad-16a31221f9c4}</UniqueIdentifier>
    </Filter>
    <Filter Include="src\module">
      <UniqueIdentifier>{c679a368-4b3f-4eb4-a0fc-a208c4293f85}</UniqueIdentifier>
    </Filter>
    <Filter Include="src\module\calculator">
      <UniqueIdentifier>{86245b7c-c9e8-43cd-85fc-ddbfbbcecce9}</UniqueIdentifier>
    </Filter>
    <Filter Include="src\module\calculator\evaluate">
      <UniqueIdentifier>{2a9f4ce3-feeb-4313-999a-071e64050778}</UniqueIdentifier>
    </Filter>
    <Filter Include="src\module\calculator\parse">
      <UniqueIdentifier>{eb83cf19-b815-43bd-a92b-f3f8a616398a}</UniqueIdentifier>
    </Filter>
    <Filter Include="src\module\meta">
      <UniqueIdentifier>{d7c51e01-083b-4850-976e-14f9638911a0}</UniqueIdentifier>
    </Filter>
    <Filter Include="src\module\user_defined">
      <UniqueIdentifier>{3e9499a2-2dde-4c81-a2e7-347473d4dec1}</UniqueIdentifier>
    </Filter>
    <Filter Include="src\context">
      <UniqueIdentifier>{610c95b6-d7dc-4115-88ad-3cd1bbb93294}</UniqueIdentifier>
    </Filter>
    <Filter Include="src\module\user_defined\preview">
      <UniqueIdentifier>{ed234d1b-b898-4c17-8f90-2781788a61ee}</UniqueIdentifier>
    </Filter>
    <Filter Include="src\module\calculator\preview">
      <UniqueIdentifier>{1b02be87-593d-40df-b8f7-bcea58006f20}</UniqueIdentifier>
    </Filter>
    <Filter Include="src\module\active_path">
      <UniqueIdentifier>{88427da5-45ee-45b1-beab-9af7c6f16dfe}</UniqueIdentifier>
    </Filter>
    <Filter Include="src\utility">
      <UniqueIdentifier>{d3861a93-8807-4c4f-8653-c0a3368c30ca}</UniqueIdentifier>
    </Filter>
    <Filter Include="src\help">
      <UniqueIdentifier>{7adb72ac-73e5-47e6-b879-f7647278fcac}</UniqueIdentifier>
    </Filter>
    <Filter Include="third_party">
      <UniqueIdentifier>{e46e8735-35d7-4a25-8577-36ece8f2490a}</UniqueIdentifier>
    </Filter>
    <Filter Include="third_party\everything">
      <UniqueIdentifier>{d7a797ff-2272-440e-83ad-5f1725003f63}</UniqueIdentifier>
    </Filter>
    <Filter Include="third_party\everything\ipc">
      <UniqueIdentifier>{df9e5845-4dec-461c-be99-78c109c21d45}</UniqueIdentifier>
    </Filter>
    <Filter Include="src\module\extension">
      <UniqueIdentifier>{57d1be19-0b48-44c7-941c-15e07f87e315}</UniqueIdentifier>
    </Filter>
    <Filter Include="src\module\extension\sdk">
      <UniqueIdentifier>{ee1e888d-977a-4184-b43e-e468dc823511}</UniqueIdentifier>
    </Filter>
    <Filter Include="src\module\user_defined\import">
      <UniqueIdentifier>{6c1017d3-8298-47ef-822c-a576e1bf909c}</UniqueIdentifier>
    </Filter>
    <Filter Include="src\entry">
      <UniqueIdentifier>{e3c470c9-4866-47aa-9f99-7b4d9e6ae16e}</UniqueIdentifier>
    </Filter>
    <Filter Include="src\module\user_defined\parse">
      <UniqueIdentifier>{699ad406-ec08-459c-bd23-f48a7c913022}</UniqueIdentifier>
    </Filter>
    <Filter Include="src\module\user_defined\legacy">
      <UniqueIdentifier>{77e31934-a832-4f15-a555-d132a90f58a3}</UniqueIdentifier>
    </Filter>
    <Filter Include="src\common">
      <UniqueIdentifier>{700f3a03-9321-452d-a423-615abbab70f6}</UniqueIdentifier>
    </Filter>
    <Filter Include="src\context\discover">
      <UniqueIdentifier>{60483675-c9ab-40bf-ae0c-6e2587e3628c}</UniqueIdentifier>
    </Filter>
    <Filter Include="src\module\tool">
      <UniqueIdentifier>{f9bf794f-7f21-4214-b344-38b0041a7985}</UniqueIdentifier>
    </Filter>
    <Filter Include="src\module\tool\date">
      <UniqueIdentifier>{2c76d038-b555-497d-96f7-95843ec6e564}</UniqueIdentifier>
    </Filter>
    <Filter Include="src\module\tool\rgb">
      <UniqueIdentifier>{6c3779b4-6f0b-48dc-823c-4c90a7c3766e}</UniqueIdentifier>
    </Filter>
    <Filter Include="src\module\tool\hex">
      <UniqueIdentifier>{b232d39e-0af6-4ca9-afcf-8de43679104e}</UniqueIdentifier>
    </Filter>
    <Filter Include="src\module\tool\error">
      <UniqueIdentifier>{1d590189-fe3e-4b23-a6f5-4c6cdb297e3d}</UniqueIdentifier>
    </Filter>
    <Filter Include="src\module\common">
      <UniqueIdentifier>{2cc5a11a-a22f-4ac5-90f2-5dd201e6c456}</UniqueIdentifier>
    </Filter>
    <Filter Include="src\main">
      <UniqueIdentifier>{5656485f-608f-4e58-9472-720d09723006}</UniqueIdentifier>
    </Filter>
    <Filter Include="src\module\tool\text_transform">
      <UniqueIdentifier>{a43d616d-88eb-412c-97c6-7b7f0390eb79}</UniqueIdentifier>
    </Filter>
    <Filter Include="src\module\tool\base64">
      <UniqueIdentifier>{93523eda-65df-499b-aebe-295601d082a1}</UniqueIdentifier>
    </Filter>
    <Filter Include="src\module\common\binary_content">
      <UniqueIdentifier>{7d653eb5-ce26-4e10-85a3-472105bccb0c}</UniqueIdentifier>
    </Filter>
    <Filter Include="src\main\preserve">
      <UniqueIdentifier>{523feb54-037d-41e7-815d-8c85ea058e2c}</UniqueIdentifier>
    </Filter>
    <Filter Include="src\main\toolbar">
      <UniqueIdentifier>{b8146b2c-f142-4c7e-964e-2f27544106fb}</UniqueIdentifier>
    </Filter>
    <Filter Include="src\main\input">
      <UniqueIdentifier>{fb923485-d6d9-4864-adb8-e96e206bba61}</UniqueIdentifier>
    </Filter>
    <Filter Include="src\module\tool\hash">
      <UniqueIdentifier>{213cfd8f-62bc-4d79-8668-d15947884bcd}</UniqueIdentifier>
    </Filter>
    <Filter Include="third_party\curlion">
      <UniqueIdentifier>{191c8493-fac9-4521-bea7-5dc513c0dbce}</UniqueIdentifier>
    </Filter>
    <Filter Include="src\option">
      <UniqueIdentifier>{32764fcc-90a1-4ac4-9452-576fdd616afe}</UniqueIdentifier>
    </Filter>
    <Filter Include="src\utility\markdown">
      <UniqueIdentifier>{138f4994-2a37-4c84-899e-909487eed12f}</UniqueIdentifier>
    </Filter>
    <Filter Include="src\utility\markdown\element">
      <UniqueIdentifier>{8ac8f101-397d-4a4e-9b48-9f42d853b5a1}</UniqueIdentifier>
    </Filter>
    <Filter Include="src\utility\markdown\parse">
      <UniqueIdentifier>{a7497c58-1150-49f4-a1cd-22387d5f7a63}</UniqueIdentifier>
    </Filter>
    <Filter Include="src\utility\markdown\render">
      <UniqueIdentifier>{dac6b018-0f9e-4e89-b6df-d6ebcf6d1678}</UniqueIdentifier>
    </Filter>
    <Filter Include="src\module\tool\json">
      <UniqueIdentifier>{ecb894e4-1fa3-42bc-9844-972b70fa5697}</UniqueIdentifier>
    </Filter>
    <Filter Include="src\utility\composite">
      <UniqueIdentifier>{a26cabe2-d0b4-446c-b151-a5c4faf60427}</UniqueIdentifier>
    </Filter>
    <Filter Include="src\module\ai">
      <UniqueIdentifier>{68421808-1c0f-4d71-a6b4-b8f0a8236f7f}</UniqueIdentifier>
    </Filter>
    <Filter Include="src\module\ai\gpt">
      <UniqueIdentifier>{5d1056e4-c692-4b68-8b43-33ce871b6c00}</UniqueIdentifier>
    </Filter>
    <Filter Include="src\module\ai\gpt\dialog">
      <UniqueIdentifier>{bb33ff97-d6e5-4c50-a680-acbdc3c99bed}</UniqueIdentifier>
    </Filter>
    <Filter Include="src\module\ai\gpt\network">
      <UniqueIdentifier>{476a453a-9ea6-4035-94a1-71ca62907d05}</UniqueIdentifier>
    </Filter>
  </ItemGroup>
  <ItemGroup>
    <ClInclude Include="src\module\calculator\parse\binary_expression_parser.h">
      <Filter>src\module\calculator\parse</Filter>
    </ClInclude>
    <ClInclude Include="src\module\calculator\parse\command_parser.h">
      <Filter>src\module\calculator\parse</Filter>
    </ClInclude>
    <ClInclude Include="src\module\calculator\parse\compound_parser.h">
      <Filter>src\module\calculator\parse</Filter>
    </ClInclude>
    <ClInclude Include="src\module\calculator\parse\expression_parser.h">
      <Filter>src\module\calculator\parse</Filter>
    </ClInclude>
    <ClInclude Include="src\module\calculator\parse\non_terminal_parser.h">
      <Filter>src\module\calculator\parse</Filter>
    </ClInclude>
    <ClInclude Include="src\module\calculator\parse\number_parser.h">
      <Filter>src\module\calculator\parse</Filter>
    </ClInclude>
    <ClInclude Include="src\module\calculator\parse\operand_node.h">
      <Filter>src\module\calculator\parse</Filter>
    </ClInclude>
    <ClInclude Include="src\module\calculator\parse\operator_node.h">
      <Filter>src\module\calculator\parse</Filter>
    </ClInclude>
    <ClInclude Include="src\module\calculator\parse\parse_context.h">
      <Filter>src\module\calculator\parse</Filter>
    </ClInclude>
    <ClInclude Include="src\module\calculator\parse\parse_result.h">
      <Filter>src\module\calculator\parse</Filter>
    </ClInclude>
    <ClInclude Include="src\module\calculator\parse\parse_status.h">
      <Filter>src\module\calculator\parse</Filter>
    </ClInclude>
    <ClInclude Include="src\module\calculator\parse\parser.h">
      <Filter>src\module\calculator\parse</Filter>
    </ClInclude>
    <ClInclude Include="src\module\calculator\parse\syntax_node.h">
      <Filter>src\module\calculator\parse</Filter>
    </ClInclude>
    <ClInclude Include="src\module\calculator\parse\terminal_parser.h">
      <Filter>src\module\calculator\parse</Filter>
    </ClInclude>
    <ClInclude Include="src\module\calculator\parse\unary_expression_parser.h">
      <Filter>src\module\calculator\parse</Filter>
    </ClInclude>
    <ClInclude Include="src\module\calculator\evaluate\evaluate_result.h">
      <Filter>src\module\calculator\evaluate</Filter>
    </ClInclude>
    <ClInclude Include="src\module\calculator\evaluate\evaluate_status.h">
      <Filter>src\module\calculator\evaluate</Filter>
    </ClInclude>
    <ClInclude Include="src\module\calculator\evaluate\evaluator.h">
      <Filter>src\module\calculator\evaluate</Filter>
    </ClInclude>
    <ClInclude Include="src\module\calculator\evaluate\operand_evaluator.h">
      <Filter>src\module\calculator\evaluate</Filter>
    </ClInclude>
    <ClInclude Include="src\module\calculator\evaluate\operator_evaluator.h">
      <Filter>src\module\calculator\evaluate</Filter>
    </ClInclude>
    <ClInclude Include="src\module\calculator\parse\decimal_number_parser.h">
      <Filter>src\module\calculator\parse</Filter>
    </ClInclude>
    <ClInclude Include="src\module\calculator\parse\non_decimal_number_parser.h">
      <Filter>src\module\calculator\parse</Filter>
    </ClInclude>
    <ClInclude Include="src\module\module.h">
      <Filter>src\module</Filter>
    </ClInclude>
    <ClInclude Include="src\module\command.h">
      <Filter>src\module</Filter>
    </ClInclude>
    <ClInclude Include="src\module\calculator\calculator_module.h">
      <Filter>src\module\calculator</Filter>
    </ClInclude>
    <ClInclude Include="src\module\calculator\calculator_command.h">
      <Filter>src\module\calculator</Filter>
    </ClInclude>
    <ClInclude Include="src\module\calculator\parse\modifier.h">
      <Filter>src\module\calculator\parse</Filter>
    </ClInclude>
    <ClInclude Include="src\module\calculator\parse\modifier_parser.h">
      <Filter>src\module\calculator\parse</Filter>
    </ClInclude>
    <ClInclude Include="src\module\calculator\parse\literal_parser.h">
      <Filter>src\module\calculator\parse</Filter>
    </ClInclude>
    <ClInclude Include="src\module\calculator\parse\octal_number_parser.h">
      <Filter>src\module\calculator\parse</Filter>
    </ClInclude>
    <ClInclude Include="src\module\calculator\parse\number_unit.h">
      <Filter>src\module\calculator\parse</Filter>
    </ClInclude>
    <ClInclude Include="src\module\calculator\parse\common_option_set_parser.h">
      <Filter>src\module\calculator\parse</Filter>
    </ClInclude>
    <ClInclude Include="src\module\calculator\parse\extend_option_set_parser.h">
      <Filter>src\module\calculator\parse</Filter>
    </ClInclude>
    <ClInclude Include="src\module\meta\meta_module.h">
      <Filter>src\module\meta</Filter>
    </ClInclude>
    <ClInclude Include="src\module\meta\meta_command.h">
      <Filter>src\module\meta</Filter>
    </ClInclude>
    <ClInclude Include="src\module\user_defined\user_defined_module.h">
      <Filter>src\module\user_defined</Filter>
    </ClInclude>
    <ClInclude Include="src\module\user_defined\entry.h">
      <Filter>src\module\user_defined</Filter>
    </ClInclude>
    <ClInclude Include="src\module\user_defined\user_defined_command.h">
      <Filter>src\module\user_defined</Filter>
    </ClInclude>
    <ClInclude Include="src\context\desktop_context.h">
      <Filter>src\context</Filter>
    </ClInclude>
    <ClInclude Include="src\context\desktop_context_discovering.h">
      <Filter>src\context</Filter>
    </ClInclude>
    <ClInclude Include="src\module\command_preview_control.h">
      <Filter>src\module</Filter>
    </ClInclude>
    <ClInclude Include="src\module\user_defined\preview\user_defined_command_preview_control.h">
      <Filter>src\module\user_defined\preview</Filter>
    </ClInclude>
    <ClInclude Include="src\module\calculator\result_text_builder.h">
      <Filter>src\module\calculator</Filter>
    </ClInclude>
    <ClInclude Include="src\module\calculator\preview\calculator_preview_control.h">
      <Filter>src\module\calculator\preview</Filter>
    </ClInclude>
    <ClInclude Include="src\module\meta\meta_command_info.h">
      <Filter>src\module\meta</Filter>
    </ClInclude>
    <ClInclude Include="src\module\active_path\active_path_module.h">
      <Filter>src\module\active_path</Filter>
    </ClInclude>
    <ClInclude Include="src\module\active_path\active_path_command.h">
      <Filter>src\module\active_path</Filter>
    </ClInclude>
    <ClInclude Include="src\module\active_path\active_path_option_parsing.h">
      <Filter>src\module\active_path</Filter>
    </ClInclude>
    <ClInclude Include="src\module\active_path\active_path_modifying.h">
      <Filter>src\module\active_path</Filter>
    </ClInclude>
    <ClInclude Include="src\module\active_path\active_path_option.h">
      <Filter>src\module\active_path</Filter>
    </ClInclude>
    <ClInclude Include="src\utility\clipboard.h">
      <Filter>src\utility</Filter>
    </ClInclude>
    <ClInclude Include="src\utility\path_trimming.h">
      <Filter>src\utility</Filter>
    </ClInclude>
    <ClInclude Include="src\about_window.h">
      <Filter>src</Filter>
    </ClInclude>
    <ClInclude Include="src\preview_view.h">
      <Filter>src</Filter>
    </ClInclude>
    <ClInclude Include="src\hot_key.h">
      <Filter>src</Filter>
    </ClInclude>
    <ClInclude Include="src\hot_key_box.h">
      <Filter>src</Filter>
    </ClInclude>
    <ClInclude Include="src\hot_key_manager.h">
      <Filter>src</Filter>
    </ClInclude>
    <ClInclude Include="src\tray_icon.h">
      <Filter>src</Filter>
    </ClInclude>
    <ClInclude Include="src\context\active_path.h">
      <Filter>src\context</Filter>
    </ClInclude>
    <ClInclude Include="src\module\calculator\parse\parse_reader.h">
      <Filter>src\module\calculator\parse</Filter>
    </ClInclude>
    <ClInclude Include="src\module\calculator\command_parsing.h">
      <Filter>src\module\calculator</Filter>
    </ClInclude>
    <ClInclude Include="src\module\calculator\parse\parse_error_reason.h">
      <Filter>src\module\calculator\parse</Filter>
    </ClInclude>
    <ClInclude Include="src\hot_key_utility.h">
      <Filter>src</Filter>
    </ClInclude>
    <ClInclude Include="src\registry_define.h">
      <Filter>src</Filter>
    </ClInclude>
    <ClInclude Include="src\application_delegate.h">
      <Filter>src</Filter>
    </ClInclude>
    <ClInclude Include="src\utility\preview_text_box.h">
      <Filter>src\utility</Filter>
    </ClInclude>
    <ClInclude Include="src\utility\progress_circle.h">
      <Filter>src\utility</Filter>
    </ClInclude>
    <ClInclude Include="src\utility\command_line.h">
      <Filter>src\utility</Filter>
    </ClInclude>
    <ClInclude Include="src\help\help_window.h">
      <Filter>src\help</Filter>
    </ClInclude>
    <ClInclude Include="src\module_manager.h">
      <Filter>src</Filter>
    </ClInclude>
    <ClInclude Include="src\module\command_brief.h">
      <Filter>src\module</Filter>
    </ClInclude>
    <ClInclude Include="src\help\help_content_building.h">
      <Filter>src\help</Filter>
    </ClInclude>
    <ClInclude Include="src\module\meta\meta_command_prefix.h">
      <Filter>src\module\meta</Filter>
    </ClInclude>
    <ClInclude Include="third_party\everything\ipc\everything_ipc.h">
      <Filter>third_party\everything\ipc</Filter>
    </ClInclude>
    <ClInclude Include="src\module\extension\sdk\run_anywhere_extension_sdk.h">
      <Filter>src\module\extension\sdk</Filter>
    </ClInclude>
    <ClInclude Include="src\module\extension\extension_module.h">
      <Filter>src\module\extension</Filter>
    </ClInclude>
    <ClInclude Include="src\module\extension\extension_command.h">
      <Filter>src\module\extension</Filter>
    </ClInclude>
    <ClInclude Include="src\module\extension\extension_interface.h">
      <Filter>src\module\extension</Filter>
    </ClInclude>
    <ClInclude Include="src\module\extension\extension_module_manager.h">
      <Filter>src\module\extension</Filter>
    </ClInclude>
    <ClInclude Include="src\environment_variable_manager.h">
      <Filter>src</Filter>
    </ClInclude>
    <ClInclude Include="src\module\user_defined\bundle_parser.h">
      <Filter>src\module\user_defined</Filter>
    </ClInclude>
    <ClInclude Include="src\module\user_defined\bundle.h">
      <Filter>src\module\user_defined</Filter>
    </ClInclude>
    <ClInclude Include="src\module\user_defined\bundle_meta.h">
      <Filter>src\module\user_defined</Filter>
    </ClInclude>
    <ClInclude Include="src\ipc.h">
      <Filter>src</Filter>
    </ClInclude>
    <ClInclude Include="src\module\user_defined\bundle_depot.h">
      <Filter>src\module\user_defined</Filter>
    </ClInclude>
    <ClInclude Include="src\module\user_defined\import\bundle_importer.h">
      <Filter>src\module\user_defined\import</Filter>
    </ClInclude>
    <ClInclude Include="src\module\user_defined\import\import_bundle_window.h">
      <Filter>src\module\user_defined\import</Filter>
    </ClInclude>
    <ClInclude Include="src\module\user_defined\bundle_definition.h">
      <Filter>src\module\user_defined</Filter>
    </ClInclude>
    <ClInclude Include="src\entry\register_entry.h">
      <Filter>src\entry</Filter>
    </ClInclude>
    <ClInclude Include="src\entry\general_entry.h">
      <Filter>src\entry</Filter>
    </ClInclude>
    <ClInclude Include="src\entry\main_entry.h">
      <Filter>src\entry</Filter>
    </ClInclude>
    <ClInclude Include="src\entry\application_switches.h">
      <Filter>src\entry</Filter>
    </ClInclude>
    <ClInclude Include="src\entry\entry_result.h">
      <Filter>src\entry</Filter>
    </ClInclude>
    <ClInclude Include="src\module\user_defined\parse\variable_formatter.h">
      <Filter>src\module\user_defined\parse</Filter>
    </ClInclude>
    <ClInclude Include="src\module\user_defined\parse\entry_command_parsing.h">
      <Filter>src\module\user_defined\parse</Filter>
    </ClInclude>
    <ClInclude Include="src\module\user_defined\parse\entry_command_placeholder_parsing.h">
      <Filter>src\module\user_defined\parse</Filter>
    </ClInclude>
    <ClInclude Include="src\module\user_defined\legacy\legacy_entry.h">
      <Filter>src\module\user_defined\legacy</Filter>
    </ClInclude>
    <ClInclude Include="src\module\user_defined\legacy\legacy_entry_reading.h">
      <Filter>src\module\user_defined\legacy</Filter>
    </ClInclude>
    <ClInclude Include="src\module\user_defined\legacy\legacy_entry_file.h">
      <Filter>src\module\user_defined\legacy</Filter>
    </ClInclude>
    <ClInclude Include="src\module\user_defined\legacy\legacy_entry_upgrading.h">
      <Filter>src\module\user_defined\legacy</Filter>
    </ClInclude>
    <ClInclude Include="src\common\window_based_discover.h">
      <Filter>src\common</Filter>
    </ClInclude>
    <ClInclude Include="src\context\discover\discoverer.h">
      <Filter>src\context\discover</Filter>
    </ClInclude>
    <ClInclude Include="src\context\discover\window_based_discoverer.h">
      <Filter>src\context\discover</Filter>
    </ClInclude>
    <ClInclude Include="src\context\discover\explorer_discoverer.h">
      <Filter>src\context\discover</Filter>
    </ClInclude>
    <ClInclude Include="src\context\discover\everything_discoverer.h">
      <Filter>src\context\discover</Filter>
    </ClInclude>
    <ClInclude Include="src\context\discover\composite_discoverer.h">
      <Filter>src\context\discover</Filter>
    </ClInclude>
    <ClInclude Include="src\module\user_defined\execute_info.h">
      <Filter>src\module\user_defined</Filter>
    </ClInclude>
    <ClInclude Include="src\module\user_defined\command_line_info.h">
      <Filter>src\module\user_defined</Filter>
    </ClInclude>
    <ClInclude Include="src\module\tool\tool_module.h">
      <Filter>src\module\tool</Filter>
    </ClInclude>
    <ClInclude Include="src\module\tool\date\date_command.h">
      <Filter>src\module\tool\date</Filter>
    </ClInclude>
    <ClInclude Include="src\module\tool\date\date_preview_control.h">
      <Filter>src\module\tool\date</Filter>
    </ClInclude>
    <ClInclude Include="src\module\tool\date\date_command_parse_result.h">
      <Filter>src\module\tool\date</Filter>
    </ClInclude>
    <ClInclude Include="src\module\tool\rgb\rgb_command.h">
      <Filter>src\module\tool\rgb</Filter>
    </ClInclude>
    <ClInclude Include="src\module\tool\rgb\rgb_command_parse_result.h">
      <Filter>src\module\tool\rgb</Filter>
    </ClInclude>
    <ClInclude Include="src\module\tool\rgb\rgb_preview_control.h">
      <Filter>src\module\tool\rgb</Filter>
    </ClInclude>
    <ClInclude Include="src\module\tool\hex\hex_command.h">
      <Filter>src\module\tool\hex</Filter>
    </ClInclude>
    <ClInclude Include="src\module\tool\hex\hex_command_parse_result.h">
      <Filter>src\module\tool\hex</Filter>
    </ClInclude>
    <ClInclude Include="src\module\tool\hex\hex_preview_control.h">
      <Filter>src\module\tool\hex</Filter>
    </ClInclude>
    <ClInclude Include="src\utility\numeric_text_formatting.h">
      <Filter>src\utility</Filter>
    </ClInclude>
    <ClInclude Include="src\context\discover\vscode_discoverer.h">
      <Filter>src\context\discover</Filter>
    </ClInclude>
    <ClInclude Include="src\utility\data_directory.h">
      <Filter>src\utility</Filter>
    </ClInclude>
    <ClInclude Include="src\module\user_defined\show_window_option.h">
      <Filter>src\module\user_defined</Filter>
    </ClInclude>
    <ClInclude Include="src\utility\link_button.h">
      <Filter>src\utility</Filter>
    </ClInclude>
    <ClInclude Include="src\license_window.h">
      <Filter>src</Filter>
    </ClInclude>
    <ClInclude Include="src\utility\thin_border_window.h">
      <Filter>src\utility</Filter>
    </ClInclude>
    <ClInclude Include="src\module\tool\error\error_command.h">
      <Filter>src\module\tool\error</Filter>
    </ClInclude>
    <ClInclude Include="src\module\tool\error\error_command_parse_result.h">
      <Filter>src\module\tool\error</Filter>
    </ClInclude>
    <ClInclude Include="src\module\tool\error\error_preview_control.h">
      <Filter>src\module\tool\error</Filter>
    </ClInclude>
    <ClInclude Include="src\utility\general_number_interpreter.h">
      <Filter>src\utility</Filter>
    </ClInclude>
    <ClInclude Include="src\module\calculator\parse\unary_operator_parser.h">
      <Filter>src\module\calculator\parse</Filter>
    </ClInclude>
    <ClInclude Include="src\module\common\error_view.h">
      <Filter>src\module\common</Filter>
    </ClInclude>
    <ClInclude Include="src\module\common\command_error_control.h">
      <Filter>src\module\common</Filter>
    </ClInclude>
    <ClInclude Include="src\main\main_window.h">
      <Filter>src\main</Filter>
    </ClInclude>
    <ClInclude Include="src\utility\text_utility.h">
      <Filter>src\utility</Filter>
    </ClInclude>
    <ClInclude Include="src\utility\thin_scroll_bar.h">
      <Filter>src\utility</Filter>
    </ClInclude>
    <ClInclude Include="src\module\tool\text_transform\text_transform_command.h">
      <Filter>src\module\tool\text_transform</Filter>
    </ClInclude>
    <ClInclude Include="src\module\tool\text_transform\text_transformer.h">
      <Filter>src\module\tool\text_transform</Filter>
    </ClInclude>
    <ClInclude Include="src\module\tool\text_transform\lower_transformer.h">
      <Filter>src\module\tool\text_transform</Filter>
    </ClInclude>
    <ClInclude Include="src\module\tool\text_transform\upper_transformer.h">
      <Filter>src\module\tool\text_transform</Filter>
    </ClInclude>
    <ClInclude Include="src\module\tool\base64\base64_command.h">
      <Filter>src\module\tool\base64</Filter>
    </ClInclude>
    <ClInclude Include="src\module\tool\base64\base64_command_parsing.h">
      <Filter>src\module\tool\base64</Filter>
    </ClInclude>
    <ClInclude Include="src\module\common\text_encoding.h">
      <Filter>src\module\common</Filter>
    </ClInclude>
    <ClInclude Include="src\module\common\text_content_control.h">
      <Filter>src\module\common</Filter>
    </ClInclude>
    <ClInclude Include="src\module\tool\base64\base64_preview_control.h">
      <Filter>src\module\tool\base64</Filter>
    </ClInclude>
    <ClInclude Include="src\module\common\content_status_bar.h">
      <Filter>src\module\common</Filter>
    </ClInclude>
    <ClInclude Include="src\module\common\binary_content\binary_content_common.h">
      <Filter>src\module\common\binary_content</Filter>
    </ClInclude>
    <ClInclude Include="src\module\common\binary_content\binary_column_body.h">
      <Filter>src\module\common\binary_content</Filter>
    </ClInclude>
    <ClInclude Include="src\module\common\binary_content\byte_index.h">
      <Filter>src\module\common\binary_content</Filter>
    </ClInclude>
    <ClInclude Include="src\module\common\binary_content\binary_column_header.h">
      <Filter>src\module\common\binary_content</Filter>
    </ClInclude>
    <ClInclude Include="src\module\common\binary_content\binary_content_control.h">
      <Filter>src\module\common\binary_content</Filter>
    </ClInclude>
    <ClInclude Include="src\module\tool\base64\decoded_data_interpreting.h">
      <Filter>src\module\tool\base64</Filter>
    </ClInclude>
    <ClInclude Include="src\module\common\error_messages.h">
      <Filter>src\module\common</Filter>
    </ClInclude>
    <ClInclude Include="src\main\preview_control_creating.h">
      <Filter>src\main</Filter>
    </ClInclude>
    <ClInclude Include="src\module\command_executor.h">
      <Filter>src\module</Filter>
    </ClInclude>
    <ClInclude Include="src\module\common\copy_executor.h">
      <Filter>src\module\common</Filter>
    </ClInclude>
    <ClInclude Include="src\main\command_display_style.h">
      <Filter>src\main</Filter>
    </ClInclude>
    <ClInclude Include="src\main\preserve\preserved_command_view.h">
      <Filter>src\main\preserve</Filter>
    </ClInclude>
    <ClInclude Include="src\main\toolbar\command_toolbar.h">
      <Filter>src\main\toolbar</Filter>
    </ClInclude>
    <ClInclude Include="src\main\toolbar\toolbar_button.h">
      <Filter>src\main\toolbar</Filter>
    </ClInclude>
    <ClInclude Include="src\module\common\text_preview_control.h">
      <Filter>src\module\common</Filter>
    </ClInclude>
    <ClInclude Include="src\module\tool\date\date_command_parsing.h">
      <Filter>src\module\tool\date</Filter>
    </ClInclude>
    <ClInclude Include="src\module\tool\date\date_time_unit.h">
      <Filter>src\module\tool\date</Filter>
    </ClInclude>
    <ClInclude Include="src\module\tool\hex\hex_command_parsing.h">
      <Filter>src\module\tool\hex</Filter>
    </ClInclude>
    <ClInclude Include="src\module\common\general_option.h">
      <Filter>src\module\common</Filter>
    </ClInclude>
    <ClInclude Include="src\module\common\parse_status.h">
      <Filter>src\module\common</Filter>
    </ClInclude>
    <ClInclude Include="src\module\common\general_input.h">
      <Filter>src\module\common</Filter>
    </ClInclude>
    <ClInclude Include="src\main\input\command_input_content.h">
      <Filter>src\main\input</Filter>
    </ClInclude>
    <ClInclude Include="src\main\input\command_input_edit.h">
      <Filter>src\main\input</Filter>
    </ClInclude>
    <ClInclude Include="src\main\input\argument_data.h">
      <Filter>src\main\input</Filter>
    </ClInclude>
    <ClInclude Include="src\main\input\text_block_object.h">
      <Filter>src\main\input</Filter>
    </ClInclude>
    <ClInclude Include="src\main\input\text_block_window.h">
      <Filter>src\main\input</Filter>
    </ClInclude>
    <ClInclude Include="src\main\input\clipboard_data.h">
      <Filter>src\main\input</Filter>
    </ClInclude>
    <ClInclude Include="src\main\input\line_break_option.h">
      <Filter>src\main\input</Filter>
    </ClInclude>
    <ClInclude Include="src\main\input\argument_object.h">
      <Filter>src\main\input</Filter>
    </ClInclude>
    <ClInclude Include="src\main\input\active_path_object.h">
      <Filter>src\main\input</Filter>
    </ClInclude>
    <ClInclude Include="src\main\input\active_path_data.h">
      <Filter>src\main\input</Filter>
    </ClInclude>
    <ClInclude Include="src\main\input\text_block_data.h">
      <Filter>src\main\input</Filter>
    </ClInclude>
    <ClInclude Include="src\main\input\argument_object_window.h">
      <Filter>src\main\input</Filter>
    </ClInclude>
    <ClInclude Include="src\main\input\active_path_window.h">
      <Filter>src\main\input</Filter>
    </ClInclude>
    <ClInclude Include="src\module\tool\hash\hash_calculating.h">
      <Filter>src\module\tool\hash</Filter>
    </ClInclude>
    <ClInclude Include="src\module\tool\hash\hash_algorithm_info.h">
      <Filter>src\module\tool\hash</Filter>
    </ClInclude>
    <ClInclude Include="src\module\tool\hash\hash_preview_control.h">
      <Filter>src\module\tool\hash</Filter>
    </ClInclude>
    <ClInclude Include="src\module\tool\hash\hash_command_parse_result.h">
      <Filter>src\module\tool\hash</Filter>
    </ClInclude>
    <ClInclude Include="src\module\tool\hash\hash_command_parsing.h">
      <Filter>src\module\tool\hash</Filter>
    </ClInclude>
    <ClInclude Include="src\module\tool\hash\md5_command.h">
      <Filter>src\module\tool\hash</Filter>
    </ClInclude>
    <ClInclude Include="src\module\tool\hash\hash_command.h">
      <Filter>src\module\tool\hash</Filter>
    </ClInclude>
    <ClInclude Include="src\module\tool\hash\sha_command.h">
      <Filter>src\module\tool\hash</Filter>
    </ClInclude>
    <ClInclude Include="src\module\tool\hash\sha_algorithm_type.h">
      <Filter>src\module\tool\hash</Filter>
    </ClInclude>
    <ClInclude Include="src\module\tool\hash\sha_algorithm_type_parsing.h">
      <Filter>src\module\tool\hash</Filter>
    </ClInclude>
    <ClInclude Include="src\help\help_style_config.h">
      <Filter>src\help</Filter>
    </ClInclude>
    <ClInclude Include="src\help\built_in_help_content_manager.h">
      <Filter>src\help</Filter>
    </ClInclude>
    <ClInclude Include="src\help\help_content.h">
      <Filter>src\help</Filter>
    </ClInclude>
    <ClInclude Include="third_party\curlion\src\connection.h">
      <Filter>third_party\curlion</Filter>
    </ClInclude>
    <ClInclude Include="third_party\curlion\src\connection_manager.h">
      <Filter>third_party\curlion</Filter>
    </ClInclude>
    <ClInclude Include="third_party\curlion\src\curlion.h">
      <Filter>third_party\curlion</Filter>
    </ClInclude>
    <ClInclude Include="third_party\curlion\src\error.h">
      <Filter>third_party\curlion</Filter>
    </ClInclude>
    <ClInclude Include="third_party\curlion\src\http_connection.h">
      <Filter>third_party\curlion</Filter>
    </ClInclude>
    <ClInclude Include="third_party\curlion\src\http_form.h">
      <Filter>third_party\curlion</Filter>
    </ClInclude>
    <ClInclude Include="third_party\curlion\src\log.h">
      <Filter>third_party\curlion</Filter>
    </ClInclude>
    <ClInclude Include="third_party\curlion\src\socket_factory.h">
      <Filter>third_party\curlion</Filter>
    </ClInclude>
    <ClInclude Include="third_party\curlion\src\socket_watcher.h">
      <Filter>third_party\curlion</Filter>
    </ClInclude>
    <ClInclude Include="third_party\curlion\src\timer.h">
      <Filter>third_party\curlion</Filter>
    </ClInclude>
    <ClInclude Include="src\option\option_text_box.h">
      <Filter>src\option</Filter>
    </ClInclude>
    <ClInclude Include="src\option\option_storage.h">
      <Filter>src\option</Filter>
    </ClInclude>
    <ClInclude Include="src\option\option_window.h">
      <Filter>src\option</Filter>
    </ClInclude>
    <ClInclude Include="src\utility\thin_scroll_control.h">
      <Filter>src\utility</Filter>
    </ClInclude>
    <ClInclude Include="src\main\preserve\preserved_command_list_view.h">
      <Filter>src\main\preserve</Filter>
    </ClInclude>
    <ClInclude Include="src\utility\markdown\element\element.h">
      <Filter>src\utility\markdown\element</Filter>
    </ClInclude>
    <ClInclude Include="src\utility\markdown\element\element_type.h">
      <Filter>src\utility\markdown\element</Filter>
    </ClInclude>
    <ClInclude Include="src\utility\markdown\element\factory.h">
      <Filter>src\utility\markdown\element</Filter>
    </ClInclude>
    <ClInclude Include="src\utility\markdown\element\header_element.h">
      <Filter>src\utility\markdown\element</Filter>
    </ClInclude>
    <ClInclude Include="src\utility\markdown\element\list_element.h">
      <Filter>src\utility\markdown\element</Filter>
    </ClInclude>
    <ClInclude Include="src\utility\markdown\parse\block_parser.h">
      <Filter>src\utility\markdown\parse</Filter>
    </ClInclude>
    <ClInclude Include="src\utility\markdown\parse\body_parser.h">
      <Filter>src\utility\markdown\parse</Filter>
    </ClInclude>
    <ClInclude Include="src\utility\markdown\parse\bold_parser.h">
      <Filter>src\utility\markdown\parse</Filter>
    </ClInclude>
    <ClInclude Include="src\utility\markdown\parse\code_block_parser.h">
      <Filter>src\utility\markdown\parse</Filter>
    </ClInclude>
    <ClInclude Include="src\utility\markdown\parse\element_parser.h">
      <Filter>src\utility\markdown\parse</Filter>
    </ClInclude>
    <ClInclude Include="src\utility\markdown\parse\emphasis_parser.h">
      <Filter>src\utility\markdown\parse</Filter>
    </ClInclude>
    <ClInclude Include="src\utility\markdown\parse\empty_line_info.h">
      <Filter>src\utility\markdown\parse</Filter>
    </ClInclude>
    <ClInclude Include="src\utility\markdown\parse\header_parser.h">
      <Filter>src\utility\markdown\parse</Filter>
    </ClInclude>
    <ClInclude Include="src\utility\markdown\parse\inline_code_parser.h">
      <Filter>src\utility\markdown\parse</Filter>
    </ClInclude>
    <ClInclude Include="src\utility\markdown\parse\italic_parser.h">
      <Filter>src\utility\markdown\parse</Filter>
    </ClInclude>
    <ClInclude Include="src\utility\markdown\parse\list_item_parser.h">
      <Filter>src\utility\markdown\parse</Filter>
    </ClInclude>
    <ClInclude Include="src\utility\markdown\parse\list_parser.h">
      <Filter>src\utility\markdown\parse</Filter>
    </ClInclude>
    <ClInclude Include="src\utility\markdown\parse\markdown_parser.h">
      <Filter>src\utility\markdown\parse</Filter>
    </ClInclude>
    <ClInclude Include="src\utility\markdown\parse\ordered_list_item_parser.h">
      <Filter>src\utility\markdown\parse</Filter>
    </ClInclude>
    <ClInclude Include="src\utility\markdown\parse\ordered_list_parser.h">
      <Filter>src\utility\markdown\parse</Filter>
    </ClInclude>
    <ClInclude Include="src\utility\markdown\parse\paragraph_parser.h">
      <Filter>src\utility\markdown\parse</Filter>
    </ClInclude>
    <ClInclude Include="src\utility\markdown\parse\parse_context.h">
      <Filter>src\utility\markdown\parse</Filter>
    </ClInclude>
    <ClInclude Include="src\utility\markdown\parse\span_element_parser.h">
      <Filter>src\utility\markdown\parse</Filter>
    </ClInclude>
    <ClInclude Include="src\utility\markdown\parse\unordered_list_item_parser.h">
      <Filter>src\utility\markdown\parse</Filter>
    </ClInclude>
    <ClInclude Include="src\utility\markdown\parse\unordered_list_parser.h">
      <Filter>src\utility\markdown\parse</Filter>
    </ClInclude>
    <ClInclude Include="src\utility\markdown\render\body_region.h">
      <Filter>src\utility\markdown\render</Filter>
    </ClInclude>
    <ClInclude Include="src\utility\markdown\render\code_block_region.h">
      <Filter>src\utility\markdown\render</Filter>
    </ClInclude>
    <ClInclude Include="src\utility\markdown\render\compound_region.h">
      <Filter>src\utility\markdown\render</Filter>
    </ClInclude>
    <ClInclude Include="src\utility\markdown\render\header_region.h">
      <Filter>src\utility\markdown\render</Filter>
    </ClInclude>
    <ClInclude Include="src\utility\markdown\render\list_item_region.h">
      <Filter>src\utility\markdown\render</Filter>
    </ClInclude>
    <ClInclude Include="src\utility\markdown\render\markdown_region.h">
      <Filter>src\utility\markdown\render</Filter>
    </ClInclude>
    <ClInclude Include="src\utility\markdown\render\paragraph_region.h">
      <Filter>src\utility\markdown\render</Filter>
    </ClInclude>
    <ClInclude Include="src\utility\markdown\render\render_region.h">
      <Filter>src\utility\markdown\render</Filter>
    </ClInclude>
    <ClInclude Include="src\utility\markdown\render\simple_block_region.h">
      <Filter>src\utility\markdown\render</Filter>
    </ClInclude>
    <ClInclude Include="src\utility\markdown\render\style_config.h">
      <Filter>src\utility\markdown\render</Filter>
    </ClInclude>
    <ClInclude Include="src\utility\markdown\render\styled_text_box.h">
      <Filter>src\utility\markdown\render</Filter>
    </ClInclude>
    <ClInclude Include="src\utility\markdown\render\styled_text_builder.h">
      <Filter>src\utility\markdown\render</Filter>
    </ClInclude>
    <ClInclude Include="src\utility\markdown\render\list_region.h">
      <Filter>src\utility\markdown\render</Filter>
    </ClInclude>
    <ClInclude Include="src\module\common\style_constants.h">
      <Filter>src\module\common</Filter>
    </ClInclude>
    <ClInclude Include="src\module\tool\json\json_command.h">
      <Filter>src\module\tool\json</Filter>
    </ClInclude>
    <ClInclude Include="src\module\tool\json\json_command_parse_result.h">
      <Filter>src\module\tool\json</Filter>
    </ClInclude>
    <ClInclude Include="src\module\tool\json\json_command_parsing.h">
      <Filter>src\module\tool\json</Filter>
    </ClInclude>
    <ClInclude Include="src\module\tool\json\json_formatter.h">
      <Filter>src\module\tool\json</Filter>
    </ClInclude>
    <ClInclude Include="src\module\tool\json\json_command_preview_control.h">
      <Filter>src\module\tool\json</Filter>
    </ClInclude>
    <ClInclude Include="src\utility\markdown\element\code_block_element.h">
      <Filter>src\utility\markdown\element</Filter>
    </ClInclude>
    <ClInclude Include="src\utility\composite\composite_text_box.h">
      <Filter>src\utility\composite</Filter>
    </ClInclude>
    <ClInclude Include="src\utility\composite\composable_control.h">
      <Filter>src\utility\composite</Filter>
    </ClInclude>
    <ClInclude Include="src\utility\composite\composite_control.h">
      <Filter>src\utility\composite</Filter>
    </ClInclude>
    <ClInclude Include="src\utility\composite\position_range.h">
      <Filter>src\utility\composite</Filter>
    </ClInclude>
    <ClInclude Include="src\utility\composite\selected_text_builder.h">
      <Filter>src\utility\composite</Filter>
    </ClInclude>
    <ClInclude Include="src\module\extension\command_line_bridge.h">
      <Filter>src\module\extension</Filter>
    </ClInclude>
    <ClInclude Include="src\module\ai\gpt\chat_gpt_command.h">
      <Filter>src\module\ai\gpt</Filter>
    </ClInclude>
    <ClInclude Include="src\module\ai\gpt\chat_gpt_command_parse_result.h">
      <Filter>src\module\ai\gpt</Filter>
    </ClInclude>
    <ClInclude Include="src\module\ai\gpt\chat_gpt_command_parsing.h">
      <Filter>src\module\ai\gpt</Filter>
    </ClInclude>
    <ClInclude Include="src\module\ai\gpt\chat_gpt_executor.h">
      <Filter>src\module\ai\gpt</Filter>
    </ClInclude>
    <ClInclude Include="src\module\ai\gpt\chat_gpt_module.h">
      <Filter>src\module\ai\gpt</Filter>
    </ClInclude>
    <ClInclude Include="src\module\ai\gpt\chat_gpt_preview_control.h">
      <Filter>src\module\ai\gpt</Filter>
    </ClInclude>
    <ClInclude Include="src\module\ai\gpt\chat_gpt_question_view.h">
      <Filter>src\module\ai\gpt</Filter>
    </ClInclude>
    <ClInclude Include="src\module\ai\gpt\local_error.h">
      <Filter>src\module\ai\gpt</Filter>
    </ClInclude>
    <ClInclude Include="src\module\ai\gpt\progress_indicator.h">
      <Filter>src\module\ai\gpt</Filter>
    </ClInclude>
    <ClInclude Include="src\module\ai\gpt\dialog\answer_view.h">
      <Filter>src\module\ai\gpt\dialog</Filter>
    </ClInclude>
    <ClInclude Include="src\module\ai\gpt\dialog\dialog.h">
      <Filter>src\module\ai\gpt\dialog</Filter>
    </ClInclude>
    <ClInclude Include="src\module\ai\gpt\dialog\dialog_manager.h">
      <Filter>src\module\ai\gpt\dialog</Filter>
    </ClInclude>
    <ClInclude Include="src\module\ai\gpt\dialog\dialog_window.h">
      <Filter>src\module\ai\gpt\dialog</Filter>
    </ClInclude>
    <ClInclude Include="src\module\ai\gpt\dialog\message.h">
      <Filter>src\module\ai\gpt\dialog</Filter>
    </ClInclude>
    <ClInclude Include="src\module\ai\gpt\dialog\round.h">
      <Filter>src\module\ai\gpt\dialog</Filter>
    </ClInclude>
    <ClInclude Include="src\module\ai\gpt\dialog\round_view.h">
      <Filter>src\module\ai\gpt\dialog</Filter>
    </ClInclude>
    <ClInclude Include="src\module\ai\gpt\network\asio_scheduler.h">
      <Filter>src\module\ai\gpt\network</Filter>
    </ClInclude>
    <ClInclude Include="src\module\ai\gpt\network\chat_completion.h">
      <Filter>src\module\ai\gpt\network</Filter>
    </ClInclude>
    <ClInclude Include="src\module\ai\gpt\network\error.h">
      <Filter>src\module\ai\gpt\network</Filter>
    </ClInclude>
    <ClInclude Include="src\module\ai\gpt\network\open_ai_client.h">
      <Filter>src\module\ai\gpt\network</Filter>
    </ClInclude>
    <ClInclude Include="src\module\ai\gpt\network\socket_manager.h">
      <Filter>src\module\ai\gpt\network</Filter>
    </ClInclude>
    <ClInclude Include="src\module\ai\gpt\network\socket_timer.h">
      <Filter>src\module\ai\gpt\network</Filter>
    </ClInclude>
  </ItemGroup>
  <ItemGroup>
    <ClCompile Include="src\module\calculator\parse\binary_expression_parser.cpp">
      <Filter>src\module\calculator\parse</Filter>
    </ClCompile>
    <ClCompile Include="src\module\calculator\parse\command_parser.cpp">
      <Filter>src\module\calculator\parse</Filter>
    </ClCompile>
    <ClCompile Include="src\module\calculator\parse\compound_parser.cpp">
      <Filter>src\module\calculator\parse</Filter>
    </ClCompile>
    <ClCompile Include="src\module\calculator\parse\expression_parser.cpp">
      <Filter>src\module\calculator\parse</Filter>
    </ClCompile>
    <ClCompile Include="src\module\calculator\parse\non_terminal_parser.cpp">
      <Filter>src\module\calculator\parse</Filter>
    </ClCompile>
    <ClCompile Include="src\module\calculator\parse\number_parser.cpp">
      <Filter>src\module\calculator\parse</Filter>
    </ClCompile>
    <ClCompile Include="src\module\calculator\parse\parse_result.cpp">
      <Filter>src\module\calculator\parse</Filter>
    </ClCompile>
    <ClCompile Include="src\module\calculator\parse\unary_expression_parser.cpp">
      <Filter>src\module\calculator\parse</Filter>
    </ClCompile>
    <ClCompile Include="src\module\calculator\evaluate\evaluator.cpp">
      <Filter>src\module\calculator\evaluate</Filter>
    </ClCompile>
    <ClCompile Include="src\module\calculator\evaluate\operand_evaluator.cpp">
      <Filter>src\module\calculator\evaluate</Filter>
    </ClCompile>
    <ClCompile Include="src\module\calculator\evaluate\operator_evaluator.cpp">
      <Filter>src\module\calculator\evaluate</Filter>
    </ClCompile>
    <ClCompile Include="src\module\calculator\parse\decimal_number_parser.cpp">
      <Filter>src\module\calculator\parse</Filter>
    </ClCompile>
    <ClCompile Include="src\module\calculator\parse\non_decimal_number_parser.cpp">
      <Filter>src\module\calculator\parse</Filter>
    </ClCompile>
    <ClCompile Include="src\module\calculator\calculator_module.cpp">
      <Filter>src\module\calculator</Filter>
    </ClCompile>
    <ClCompile Include="src\module\calculator\calculator_command.cpp">
      <Filter>src\module\calculator</Filter>
    </ClCompile>
    <ClCompile Include="src\module\calculator\parse\modifier_parser.cpp">
      <Filter>src\module\calculator\parse</Filter>
    </ClCompile>
    <ClCompile Include="src\module\calculator\parse\literal_parser.cpp">
      <Filter>src\module\calculator\parse</Filter>
    </ClCompile>
    <ClCompile Include="src\module\calculator\parse\octal_number_parser.cpp">
      <Filter>src\module\calculator\parse</Filter>
    </ClCompile>
    <ClCompile Include="src\module\calculator\parse\common_option_set_parser.cpp">
      <Filter>src\module\calculator\parse</Filter>
    </ClCompile>
    <ClCompile Include="src\module\calculator\parse\extend_option_set_parser.cpp">
      <Filter>src\module\calculator\parse</Filter>
    </ClCompile>
    <ClCompile Include="src\module\calculator\parse\number_unit.cpp">
      <Filter>src\module\calculator\parse</Filter>
    </ClCompile>
    <ClCompile Include="src\module\meta\meta_module.cpp">
      <Filter>src\module\meta</Filter>
    </ClCompile>
    <ClCompile Include="src\module\user_defined\user_defined_module.cpp">
      <Filter>src\module\user_defined</Filter>
    </ClCompile>
    <ClCompile Include="src\module\user_defined\user_defined_command.cpp">
      <Filter>src\module\user_defined</Filter>
    </ClCompile>
    <ClCompile Include="src\context\desktop_context_discovering.cpp">
      <Filter>src\context</Filter>
    </ClCompile>
    <ClCompile Include="src\module\user_defined\preview\user_defined_command_preview_control.cpp">
      <Filter>src\module\user_defined\preview</Filter>
    </ClCompile>
    <ClCompile Include="src\module\calculator\result_text_builder.cpp">
      <Filter>src\module\calculator</Filter>
    </ClCompile>
    <ClCompile Include="src\module\calculator\preview\calculator_preview_control.cpp">
      <Filter>src\module\calculator\preview</Filter>
    </ClCompile>
    <ClCompile Include="src\module\meta\meta_command_info.cpp">
      <Filter>src\module\meta</Filter>
    </ClCompile>
    <ClCompile Include="src\module\active_path\active_path_module.cpp">
      <Filter>src\module\active_path</Filter>
    </ClCompile>
    <ClCompile Include="src\module\active_path\active_path_command.cpp">
      <Filter>src\module\active_path</Filter>
    </ClCompile>
    <ClCompile Include="src\module\active_path\active_path_modifying.cpp">
      <Filter>src\module\active_path</Filter>
    </ClCompile>
    <ClCompile Include="src\module\active_path\active_path_option_parsing.cpp">
      <Filter>src\module\active_path</Filter>
    </ClCompile>
    <ClCompile Include="src\utility\clipboard.cpp">
      <Filter>src\utility</Filter>
    </ClCompile>
    <ClCompile Include="src\utility\path_trimming.cpp">
      <Filter>src\utility</Filter>
    </ClCompile>
    <ClCompile Include="src\about_window.cpp">
      <Filter>src</Filter>
    </ClCompile>
    <ClCompile Include="src\preview_view.cpp">
      <Filter>src</Filter>
    </ClCompile>
    <ClCompile Include="src\hot_key_box.cpp">
      <Filter>src</Filter>
    </ClCompile>
    <ClCompile Include="src\hot_key_manager.cpp">
      <Filter>src</Filter>
    </ClCompile>
    <ClCompile Include="src\tray_icon.cpp">
      <Filter>src</Filter>
    </ClCompile>
    <ClCompile Include="src\module\calculator\parse\parse_context.cpp">
      <Filter>src\module\calculator\parse</Filter>
    </ClCompile>
    <ClCompile Include="src\module\calculator\parse\parse_reader.cpp">
      <Filter>src\module\calculator\parse</Filter>
    </ClCompile>
    <ClCompile Include="src\module\calculator\command_parsing.cpp">
      <Filter>src\module\calculator</Filter>
    </ClCompile>
    <ClCompile Include="src\hot_key_utility.cpp">
      <Filter>src</Filter>
    </ClCompile>
    <ClCompile Include="src\application_delegate.cpp">
      <Filter>src</Filter>
    </ClCompile>
    <ClCompile Include="src\utility\preview_text_box.cpp">
      <Filter>src\utility</Filter>
    </ClCompile>
    <ClCompile Include="src\utility\progress_circle.cpp">
      <Filter>src\utility</Filter>
    </ClCompile>
    <ClCompile Include="src\utility\command_line.cpp">
      <Filter>src\utility</Filter>
    </ClCompile>
    <ClCompile Include="src\help\help_window.cpp">
      <Filter>src\help</Filter>
    </ClCompile>
    <ClCompile Include="src\module_manager.cpp">
      <Filter>src</Filter>
    </ClCompile>
    <ClCompile Include="src\help\help_content_building.cpp">
      <Filter>src\help</Filter>
    </ClCompile>
    <ClCompile Include="src\module\meta\meta_command.cpp">
      <Filter>src\module\meta</Filter>
    </ClCompile>
    <ClCompile Include="src\module\extension\extension_module.cpp">
      <Filter>src\module\extension</Filter>
    </ClCompile>
    <ClCompile Include="src\module\extension\extension_command.cpp">
      <Filter>src\module\extension</Filter>
    </ClCompile>
    <ClCompile Include="src\module\extension\extension_module_manager.cpp">
      <Filter>src\module\extension</Filter>
    </ClCompile>
    <ClCompile Include="src\environment_variable_manager.cpp">
      <Filter>src</Filter>
    </ClCompile>
    <ClCompile Include="src\module\user_defined\bundle_parser.cpp">
      <Filter>src\module\user_defined</Filter>
    </ClCompile>
    <ClCompile Include="src\module\user_defined\bundle_depot.cpp">
      <Filter>src\module\user_defined</Filter>
    </ClCompile>
    <ClCompile Include="src\module\user_defined\import\bundle_importer.cpp">
      <Filter>src\module\user_defined\import</Filter>
    </ClCompile>
    <ClCompile Include="src\module\user_defined\import\import_bundle_window.cpp">
      <Filter>src\module\user_defined\import</Filter>
    </ClCompile>
    <ClCompile Include="src\entry\register_entry.cpp">
      <Filter>src\entry</Filter>
    </ClCompile>
    <ClCompile Include="src\entry\general_entry.cpp">
      <Filter>src\entry</Filter>
    </ClCompile>
    <ClCompile Include="src\entry\main_entry.cpp">
      <Filter>src\entry</Filter>
    </ClCompile>
    <ClCompile Include="src\entry\application_switches.cpp">
      <Filter>src\entry</Filter>
    </ClCompile>
    <ClCompile Include="src\module\user_defined\parse\variable_formatter.cpp">
      <Filter>src\module\user_defined\parse</Filter>
    </ClCompile>
    <ClCompile Include="src\module\user_defined\parse\entry_command_parsing.cpp">
      <Filter>src\module\user_defined\parse</Filter>
    </ClCompile>
    <ClCompile Include="src\module\user_defined\parse\entry_command_placeholder_parsing.cpp">
      <Filter>src\module\user_defined\parse</Filter>
    </ClCompile>
    <ClCompile Include="src\module\user_defined\legacy\legacy_entry_reading.cpp">
      <Filter>src\module\user_defined\legacy</Filter>
    </ClCompile>
    <ClCompile Include="src\module\user_defined\legacy\legacy_entry_file.cpp">
      <Filter>src\module\user_defined\legacy</Filter>
    </ClCompile>
    <ClCompile Include="src\module\user_defined\legacy\legacy_entry_upgrading.cpp">
      <Filter>src\module\user_defined\legacy</Filter>
    </ClCompile>
    <ClCompile Include="src\context\discover\window_based_discoverer.cpp">
      <Filter>src\context\discover</Filter>
    </ClCompile>
    <ClCompile Include="src\context\discover\explorer_discoverer.cpp">
      <Filter>src\context\discover</Filter>
    </ClCompile>
    <ClCompile Include="src\context\discover\everything_discoverer.cpp">
      <Filter>src\context\discover</Filter>
    </ClCompile>
    <ClCompile Include="src\context\discover\composite_discoverer.cpp">
      <Filter>src\context\discover</Filter>
    </ClCompile>
    <ClCompile Include="src\module\tool\tool_module.cpp">
      <Filter>src\module\tool</Filter>
    </ClCompile>
    <ClCompile Include="src\module\tool\date\date_command.cpp">
      <Filter>src\module\tool\date</Filter>
    </ClCompile>
    <ClCompile Include="src\module\tool\date\date_preview_control.cpp">
      <Filter>src\module\tool\date</Filter>
    </ClCompile>
    <ClCompile Include="src\module\tool\rgb\rgb_command.cpp">
      <Filter>src\module\tool\rgb</Filter>
    </ClCompile>
    <ClCompile Include="src\module\tool\rgb\rgb_preview_control.cpp">
      <Filter>src\module\tool\rgb</Filter>
    </ClCompile>
    <ClCompile Include="src\module\tool\hex\hex_command.cpp">
      <Filter>src\module\tool\hex</Filter>
    </ClCompile>
    <ClCompile Include="src\module\tool\hex\hex_preview_control.cpp">
      <Filter>src\module\tool\hex</Filter>
    </ClCompile>
    <ClCompile Include="src\utility\numeric_text_formatting.cpp">
      <Filter>src\utility</Filter>
    </ClCompile>
    <ClCompile Include="src\context\discover\vscode_discoverer.cpp">
      <Filter>src\context\discover</Filter>
    </ClCompile>
    <ClCompile Include="src\utility\data_directory.cpp">
      <Filter>src\utility</Filter>
    </ClCompile>
    <ClCompile Include="src\module\user_defined\show_window_option.cpp">
      <Filter>src\module\user_defined</Filter>
    </ClCompile>
    <ClCompile Include="src\utility\link_button.cpp">
      <Filter>src\utility</Filter>
    </ClCompile>
    <ClCompile Include="src\license_window.cpp">
      <Filter>src</Filter>
    </ClCompile>
    <ClCompile Include="src\utility\thin_border_window.cpp">
      <Filter>src\utility</Filter>
    </ClCompile>
    <ClCompile Include="src\module\tool\error\error_command.cpp">
      <Filter>src\module\tool\error</Filter>
    </ClCompile>
    <ClCompile Include="src\module\tool\error\error_preview_control.cpp">
      <Filter>src\module\tool\error</Filter>
    </ClCompile>
    <ClCompile Include="src\utility\general_number_interpreter.cpp">
      <Filter>src\utility</Filter>
    </ClCompile>
    <ClCompile Include="src\module\calculator\parse\unary_operator_parser.cpp">
      <Filter>src\module\calculator\parse</Filter>
    </ClCompile>
    <ClCompile Include="src\module\common\error_view.cpp">
      <Filter>src\module\common</Filter>
    </ClCompile>
    <ClCompile Include="src\module\common\command_error_control.cpp">
      <Filter>src\module\common</Filter>
    </ClCompile>
    <ClCompile Include="src\main\main_window.cpp">
      <Filter>src\main</Filter>
    </ClCompile>
    <ClCompile Include="src\utility\text_utility.cpp">
      <Filter>src\utility</Filter>
    </ClCompile>
    <ClCompile Include="src\utility\thin_scroll_bar.cpp">
      <Filter>src\utility</Filter>
    </ClCompile>
    <ClCompile Include="src\module\tool\text_transform\text_transform_command.cpp">
      <Filter>src\module\tool\text_transform</Filter>
    </ClCompile>
    <ClCompile Include="src\module\tool\text_transform\lower_transformer.cpp">
      <Filter>src\module\tool\text_transform</Filter>
    </ClCompile>
    <ClCompile Include="src\module\tool\text_transform\upper_transformer.cpp">
      <Filter>src\module\tool\text_transform</Filter>
    </ClCompile>
    <ClCompile Include="src\module\tool\base64\base64_command.cpp">
      <Filter>src\module\tool\base64</Filter>
    </ClCompile>
    <ClCompile Include="src\module\tool\base64\base64_command_parsing.cpp">
      <Filter>src\module\tool\base64</Filter>
    </ClCompile>
    <ClCompile Include="src\module\common\text_content_control.cpp">
      <Filter>src\module\common</Filter>
    </ClCompile>
    <ClCompile Include="src\module\tool\base64\base64_preview_control.cpp">
      <Filter>src\module\tool\base64</Filter>
    </ClCompile>
    <ClCompile Include="src\module\common\content_status_bar.cpp">
      <Filter>src\module\common</Filter>
    </ClCompile>
    <ClCompile Include="src\module\common\binary_content\binary_content_common.cpp">
      <Filter>src\module\common\binary_content</Filter>
    </ClCompile>
    <ClCompile Include="src\module\common\binary_content\binary_column_body.cpp">
      <Filter>src\module\common\binary_content</Filter>
    </ClCompile>
    <ClCompile Include="src\module\common\binary_content\binary_column_header.cpp">
      <Filter>src\module\common\binary_content</Filter>
    </ClCompile>
    <ClCompile Include="src\module\common\binary_content\binary_content_control.cpp">
      <Filter>src\module\common\binary_content</Filter>
    </ClCompile>
    <ClCompile Include="src\module\tool\base64\decoded_data_interpreting.cpp">
      <Filter>src\module\tool\base64</Filter>
    </ClCompile>
    <ClCompile Include="src\module\command_preview_control.cpp">
      <Filter>src\module</Filter>
    </ClCompile>
    <ClCompile Include="src\main\preview_control_creating.cpp">
      <Filter>src\main</Filter>
    </ClCompile>
    <ClCompile Include="src\module\common\copy_executor.cpp">
      <Filter>src\module\common</Filter>
    </ClCompile>
    <ClCompile Include="src\main\preserve\preserved_command_view.cpp">
      <Filter>src\main\preserve</Filter>
    </ClCompile>
    <ClCompile Include="src\main\toolbar\command_toolbar.cpp">
      <Filter>src\main\toolbar</Filter>
    </ClCompile>
    <ClCompile Include="src\main\toolbar\toolbar_button.cpp">
      <Filter>src\main\toolbar</Filter>
    </ClCompile>
    <ClCompile Include="src\module\common\text_preview_control.cpp">
      <Filter>src\module\common</Filter>
    </ClCompile>
    <ClCompile Include="src\module\tool\date\date_command_parsing.cpp">
      <Filter>src\module\tool\date</Filter>
    </ClCompile>
    <ClCompile Include="src\module\tool\date\date_time_unit.cpp">
      <Filter>src\module\tool\date</Filter>
    </ClCompile>
    <ClCompile Include="src\module\tool\hex\hex_command_parsing.cpp">
      <Filter>src\module\tool\hex</Filter>
    </ClCompile>
    <ClCompile Include="src\module\common\general_option.cpp">
      <Filter>src\module\common</Filter>
    </ClCompile>
    <ClCompile Include="src\module\common\general_input.cpp">
      <Filter>src\module\common</Filter>
    </ClCompile>
    <ClCompile Include="src\main\input\command_input_content.cpp">
      <Filter>src\main\input</Filter>
    </ClCompile>
    <ClCompile Include="src\main\input\command_input_edit.cpp">
      <Filter>src\main\input</Filter>
    </ClCompile>
    <ClCompile Include="src\main\input\text_block_object.cpp">
      <Filter>src\main\input</Filter>
    </ClCompile>
    <ClCompile Include="src\main\input\text_block_window.cpp">
      <Filter>src\main\input</Filter>
    </ClCompile>
    <ClCompile Include="src\main\input\clipboard_data.cpp">
      <Filter>src\main\input</Filter>
    </ClCompile>
    <ClCompile Include="src\main\input\line_break_option.cpp">
      <Filter>src\main\input</Filter>
    </ClCompile>
    <ClCompile Include="src\main\input\argument_object.cpp">
      <Filter>src\main\input</Filter>
    </ClCompile>
    <ClCompile Include="src\main\input\active_path_object.cpp">
      <Filter>src\main\input</Filter>
    </ClCompile>
    <ClCompile Include="src\main\input\active_path_data.cpp">
      <Filter>src\main\input</Filter>
    </ClCompile>
    <ClCompile Include="src\main\input\argument_object_window.cpp">
      <Filter>src\main\input</Filter>
    </ClCompile>
    <ClCompile Include="src\main\input\active_path_window.cpp">
      <Filter>src\main\input</Filter>
    </ClCompile>
    <ClCompile Include="src\module\tool\hash\hash_calculating.cpp">
      <Filter>src\module\tool\hash</Filter>
    </ClCompile>
    <ClCompile Include="src\module\tool\hash\hash_preview_control.cpp">
      <Filter>src\module\tool\hash</Filter>
    </ClCompile>
    <ClCompile Include="src\module\tool\hash\hash_command_parsing.cpp">
      <Filter>src\module\tool\hash</Filter>
    </ClCompile>
    <ClCompile Include="src\module\tool\hash\md5_command.cpp">
      <Filter>src\module\tool\hash</Filter>
    </ClCompile>
    <ClCompile Include="src\module\tool\hash\hash_command.cpp">
      <Filter>src\module\tool\hash</Filter>
    </ClCompile>
    <ClCompile Include="src\module\tool\hash\sha_command.cpp">
      <Filter>src\module\tool\hash</Filter>
    </ClCompile>
    <ClCompile Include="src\module\tool\hash\sha_algorithm_type_parsing.cpp">
      <Filter>src\module\tool\hash</Filter>
    </ClCompile>
    <ClCompile Include="src\help\help_style_config.cpp">
      <Filter>src\help</Filter>
    </ClCompile>
    <ClCompile Include="src\help\built_in_help_content_manager.cpp">
      <Filter>src\help</Filter>
    </ClCompile>
    <ClCompile Include="src\module\command_brief.cpp">
      <Filter>src\module</Filter>
    </ClCompile>
    <ClCompile Include="third_party\curlion\src\connection.cpp">
      <Filter>third_party\curlion</Filter>
    </ClCompile>
    <ClCompile Include="third_party\curlion\src\connection_manager.cpp">
      <Filter>third_party\curlion</Filter>
    </ClCompile>
    <ClCompile Include="third_party\curlion\src\http_connection.cpp">
      <Filter>third_party\curlion</Filter>
    </ClCompile>
    <ClCompile Include="third_party\curlion\src\http_form.cpp">
      <Filter>third_party\curlion</Filter>
    </ClCompile>
    <ClCompile Include="src\option\option_text_box.cpp">
      <Filter>src\option</Filter>
    </ClCompile>
    <ClCompile Include="src\option\option_storage.cpp">
      <Filter>src\option</Filter>
    </ClCompile>
    <ClCompile Include="src\option\option_window.cpp">
      <Filter>src\option</Filter>
    </ClCompile>
    <ClCompile Include="src\utility\thin_scroll_control.cpp">
      <Filter>src\utility</Filter>
    </ClCompile>
    <ClCompile Include="src\main\preserve\preserved_command_list_view.cpp">
      <Filter>src\main\preserve</Filter>
    </ClCompile>
    <ClCompile Include="src\utility\markdown\element\element.cpp">
      <Filter>src\utility\markdown\element</Filter>
    </ClCompile>
    <ClCompile Include="src\utility\markdown\element\header_element.cpp">
      <Filter>src\utility\markdown\element</Filter>
    </ClCompile>
    <ClCompile Include="src\utility\markdown\element\list_element.cpp">
      <Filter>src\utility\markdown\element</Filter>
    </ClCompile>
    <ClCompile Include="src\utility\markdown\parse\body_parser.cpp">
      <Filter>src\utility\markdown\parse</Filter>
    </ClCompile>
    <ClCompile Include="src\utility\markdown\parse\bold_parser.cpp">
      <Filter>src\utility\markdown\parse</Filter>
    </ClCompile>
    <ClCompile Include="src\utility\markdown\parse\code_block_parser.cpp">
      <Filter>src\utility\markdown\parse</Filter>
    </ClCompile>
    <ClCompile Include="src\utility\markdown\parse\emphasis_parser.cpp">
      <Filter>src\utility\markdown\parse</Filter>
    </ClCompile>
    <ClCompile Include="src\utility\markdown\parse\header_parser.cpp">
      <Filter>src\utility\markdown\parse</Filter>
    </ClCompile>
    <ClCompile Include="src\utility\markdown\parse\inline_code_parser.cpp">
      <Filter>src\utility\markdown\parse</Filter>
    </ClCompile>
    <ClCompile Include="src\utility\markdown\parse\italic_parser.cpp">
      <Filter>src\utility\markdown\parse</Filter>
    </ClCompile>
    <ClCompile Include="src\utility\markdown\parse\list_item_parser.cpp">
      <Filter>src\utility\markdown\parse</Filter>
    </ClCompile>
    <ClCompile Include="src\utility\markdown\parse\list_parser.cpp">
      <Filter>src\utility\markdown\parse</Filter>
    </ClCompile>
    <ClCompile Include="src\utility\markdown\parse\markdown_parser.cpp">
      <Filter>src\utility\markdown\parse</Filter>
    </ClCompile>
    <ClCompile Include="src\utility\markdown\parse\ordered_list_item_parser.cpp">
      <Filter>src\utility\markdown\parse</Filter>
    </ClCompile>
    <ClCompile Include="src\utility\markdown\parse\ordered_list_parser.cpp">
      <Filter>src\utility\markdown\parse</Filter>
    </ClCompile>
    <ClCompile Include="src\utility\markdown\parse\paragraph_parser.cpp">
      <Filter>src\utility\markdown\parse</Filter>
    </ClCompile>
    <ClCompile Include="src\utility\markdown\parse\parse_context.cpp">
      <Filter>src\utility\markdown\parse</Filter>
    </ClCompile>
    <ClCompile Include="src\utility\markdown\parse\span_element_parser.cpp">
      <Filter>src\utility\markdown\parse</Filter>
    </ClCompile>
    <ClCompile Include="src\utility\markdown\parse\unordered_list_item_parser.cpp">
      <Filter>src\utility\markdown\parse</Filter>
    </ClCompile>
    <ClCompile Include="src\utility\markdown\parse\unordered_list_parser.cpp">
      <Filter>src\utility\markdown\parse</Filter>
    </ClCompile>
    <ClCompile Include="src\utility\markdown\render\body_region.cpp">
      <Filter>src\utility\markdown\render</Filter>
    </ClCompile>
    <ClCompile Include="src\utility\markdown\render\code_block_region.cpp">
      <Filter>src\utility\markdown\render</Filter>
    </ClCompile>
    <ClCompile Include="src\utility\markdown\render\compound_region.cpp">
      <Filter>src\utility\markdown\render</Filter>
    </ClCompile>
    <ClCompile Include="src\utility\markdown\render\header_region.cpp">
      <Filter>src\utility\markdown\render</Filter>
    </ClCompile>
    <ClCompile Include="src\utility\markdown\render\list_item_region.cpp">
      <Filter>src\utility\markdown\render</Filter>
    </ClCompile>
    <ClCompile Include="src\utility\markdown\render\markdown_region.cpp">
      <Filter>src\utility\markdown\render</Filter>
    </ClCompile>
    <ClCompile Include="src\utility\markdown\render\paragraph_region.cpp">
      <Filter>src\utility\markdown\render</Filter>
    </ClCompile>
    <ClCompile Include="src\utility\markdown\render\simple_block_region.cpp">
      <Filter>src\utility\markdown\render</Filter>
    </ClCompile>
    <ClCompile Include="src\utility\markdown\render\styled_text_box.cpp">
      <Filter>src\utility\markdown\render</Filter>
    </ClCompile>
    <ClCompile Include="src\utility\markdown\render\styled_text_builder.cpp">
      <Filter>src\utility\markdown\render</Filter>
    </ClCompile>
    <ClCompile Include="src\utility\markdown\render\list_region.cpp">
      <Filter>src\utility\markdown\render</Filter>
    </ClCompile>
    <ClCompile Include="third_party\curlion\src\log.cpp">
      <Filter>third_party\curlion</Filter>
    </ClCompile>
    <ClCompile Include="src\module\tool\json\json_command.cpp">
      <Filter>src\module\tool\json</Filter>
    </ClCompile>
    <ClCompile Include="src\module\tool\json\json_command_parsing.cpp">
      <Filter>src\module\tool\json</Filter>
    </ClCompile>
    <ClCompile Include="src\module\tool\json\json_formatter.cpp">
      <Filter>src\module\tool\json</Filter>
    </ClCompile>
    <ClCompile Include="src\module\tool\json\json_command_preview_control.cpp">
      <Filter>src\module\tool\json</Filter>
    </ClCompile>
    <ClCompile Include="src\utility\markdown\element\code_block_element.cpp">
      <Filter>src\utility\markdown\element</Filter>
    </ClCompile>
    <ClCompile Include="src\utility\composite\composite_text_box.cpp">
      <Filter>src\utility\composite</Filter>
    </ClCompile>
    <ClCompile Include="src\utility\composite\composite_control.cpp">
      <Filter>src\utility\composite</Filter>
    </ClCompile>
    <ClCompile Include="src\module\extension\command_line_bridge.cpp">
      <Filter>src\module\extension</Filter>
    </ClCompile>
    <ClCompile Include="src\module\ai\gpt\chat_gpt_command.cpp">
      <Filter>src\module\ai\gpt</Filter>
    </ClCompile>
    <ClCompile Include="src\module\ai\gpt\chat_gpt_command_parsing.cpp">
      <Filter>src\module\ai\gpt</Filter>
    </ClCompile>
    <ClCompile Include="src\module\ai\gpt\chat_gpt_executor.cpp">
      <Filter>src\module\ai\gpt</Filter>
    </ClCompile>
    <ClCompile Include="src\module\ai\gpt\chat_gpt_module.cpp">
      <Filter>src\module\ai\gpt</Filter>
    </ClCompile>
    <ClCompile Include="src\module\ai\gpt\chat_gpt_preview_control.cpp">
      <Filter>src\module\ai\gpt</Filter>
    </ClCompile>
    <ClCompile Include="src\module\ai\gpt\chat_gpt_question_view.cpp">
      <Filter>src\module\ai\gpt</Filter>
    </ClCompile>
    <ClCompile Include="src\module\ai\gpt\progress_indicator.cpp">
      <Filter>src\module\ai\gpt</Filter>
    </ClCompile>
    <ClCompile Include="src\module\ai\gpt\dialog\answer_view.cpp">
      <Filter>src\module\ai\gpt\dialog</Filter>
    </ClCompile>
    <ClCompile Include="src\module\ai\gpt\dialog\dialog.cpp">
      <Filter>src\module\ai\gpt\dialog</Filter>
    </ClCompile>
    <ClCompile Include="src\module\ai\gpt\dialog\dialog_manager.cpp">
      <Filter>src\module\ai\gpt\dialog</Filter>
    </ClCompile>
    <ClCompile Include="src\module\ai\gpt\dialog\dialog_window.cpp">
      <Filter>src\module\ai\gpt\dialog</Filter>
    </ClCompile>
    <ClCompile Include="src\module\ai\gpt\dialog\round.cpp">
      <Filter>src\module\ai\gpt\dialog</Filter>
    </ClCompile>
    <ClCompile Include="src\module\ai\gpt\dialog\round_view.cpp">
      <Filter>src\module\ai\gpt\dialog</Filter>
    </ClCompile>
    <ClCompile Include="src\module\ai\gpt\network\asio_scheduler.cpp">
      <Filter>src\module\ai\gpt\network</Filter>
    </ClCompile>
    <ClCompile Include="src\module\ai\gpt\network\open_ai_client.cpp">
      <Filter>src\module\ai\gpt\network</Filter>
    </ClCompile>
    <ClCompile Include="src\module\ai\gpt\network\socket_manager.cpp">
      <Filter>src\module\ai\gpt\network</Filter>
    </ClCompile>
    <ClCompile Include="src\module\ai\gpt\network\socket_timer.cpp">
      <Filter>src\module\ai\gpt\network</Filter>
    </ClCompile>
  </ItemGroup>
  <ItemGroup>
    <Page Include="src\module\user_defined\preview\user_defined_command_preview_control.xaml">
      <Filter>src\module\user_defined\preview</Filter>
    </Page>
    <Page Include="src\module\calculator\preview\calculator_preview_control.xaml">
      <Filter>src\module\calculator\preview</Filter>
    </Page>
    <Page Include="src\about_window.xaml">
      <Filter>src</Filter>
    </Page>
    <Page Include="src\preview_view.xaml">
      <Filter>src</Filter>
    </Page>
    <Page Include="src\help\help_window.xaml">
      <Filter>src\help</Filter>
    </Page>
    <Page Include="src\module\user_defined\import\import_bundle_window.xaml">
      <Filter>src\module\user_defined\import</Filter>
    </Page>
    <Page Include="src\module\tool\date\date_preview_control.xaml">
      <Filter>src\module\tool\date</Filter>
    </Page>
    <Page Include="src\module\tool\rgb\rgb_preview_control.xaml">
      <Filter>src\module\tool\rgb</Filter>
    </Page>
    <Page Include="src\module\tool\hex\hex_preview_control.xaml">
      <Filter>src\module\tool\hex</Filter>
    </Page>
    <Page Include="src\license_window.xaml">
      <Filter>src</Filter>
    </Page>
    <Page Include="src\module\tool\error\error_preview_control.xaml">
      <Filter>src\module\tool\error</Filter>
    </Page>
    <Page Include="src\module\common\error_view.xaml">
      <Filter>src\module\common</Filter>
    </Page>
    <Page Include="src\main\main_window.xaml">
      <Filter>src\main</Filter>
    </Page>
    <Page Include="src\module\common\text_content_control.xaml">
      <Filter>src\module\common</Filter>
    </Page>
    <Page Include="src\module\tool\base64\base64_preview_control.xaml">
      <Filter>src\module\tool\base64</Filter>
    </Page>
    <Page Include="src\module\common\content_status_bar.xaml">
      <Filter>src\module\common</Filter>
    </Page>
    <Page Include="src\module\common\binary_content\binary_content_control.xaml">
      <Filter>src\module\common\binary_content</Filter>
    </Page>
    <Page Include="src\main\preserve\preserved_command_view.xaml">
      <Filter>src\main\preserve</Filter>
    </Page>
    <Page Include="src\main\toolbar\command_toolbar.xaml">
      <Filter>src\main\toolbar</Filter>
    </Page>
    <Page Include="src\module\common\text_preview_control.xaml">
      <Filter>src\module\common</Filter>
    </Page>
    <Page Include="src\main\input\text_block_window.xaml">
      <Filter>src\main\input</Filter>
    </Page>
    <Page Include="src\main\input\active_path_window.xaml">
      <Filter>src\main\input</Filter>
    </Page>
    <Page Include="src\module\tool\hash\hash_preview_control.xaml">
      <Filter>src\module\tool\hash</Filter>
    </Page>
    <Page Include="src\option\option_window.xaml">
      <Filter>src\option</Filter>
    </Page>
    <Page Include="src\main\preserve\preserved_command_list_view.xaml">
      <Filter>src\main\preserve</Filter>
    </Page>
    <Page Include="src\module\tool\json\json_command_preview_control.xaml">
      <Filter>src\module\tool\json</Filter>
    </Page>
    <Page Include="src\utility\markdown\render\code_block_region.xaml">
      <Filter>src\utility\markdown\render</Filter>
    </Page>
    <Page Include="src\module\ai\gpt\chat_gpt_preview_control.xaml">
      <Filter>src\module\ai\gpt</Filter>
    </Page>
    <Page Include="src\module\ai\gpt\chat_gpt_question_view.xaml">
      <Filter>src\module\ai\gpt</Filter>
    </Page>
    <Page Include="src\module\ai\gpt\dialog\answer_view.xaml">
      <Filter>src\module\ai\gpt\dialog</Filter>
    </Page>
    <Page Include="src\module\ai\gpt\dialog\dialog_window.xaml">
      <Filter>src\module\ai\gpt\dialog</Filter>
    </Page>
    <Page Include="src\module\ai\gpt\dialog\round_view.xaml">
      <Filter>src\module\ai\gpt\dialog</Filter>
    </Page>
  </ItemGroup>
  <ItemGroup>
    <None Include="packages.config" />
  </ItemGroup>
</Project>