<?xml version="1.0" encoding="utf-8"?>
<Project ToolsVersion="4.0" xmlns="http://schemas.microsoft.com/developer/msbuild/2003">
  <ItemGroup>
    <Filter Include="src">
      <UniqueIdentifier>{524c58ce-c206-458f-93ad-16a31221f9c4}</UniqueIdentifier>
    </Filter>
    <Filter Include="src\module">
      <UniqueIdentifier>{c679a368-4b3f-4eb4-a0fc-a208c4293f85}</UniqueIdentifier>
    </Filter>
    <Filter Include="src\module\calculator">
      <UniqueIdentifier>{86245b7c-c9e8-43cd-85fc-ddbfbbcecce9}</UniqueIdentifier>
    </Filter>
    <Filter Include="src\module\calculator\evaluate">
      <UniqueIdentifier>{2a9f4ce3-feeb-4313-999a-071e64050778}</UniqueIdentifier>
    </Filter>
    <Filter Include="src\module\calculator\parse">
      <UniqueIdentifier>{eb83cf19-b815-43bd-a92b-f3f8a616398a}</UniqueIdentifier>
    </Filter>
    <Filter Include="src\module\meta">
      <UniqueIdentifier>{d7c51e01-083b-4850-976e-14f9638911a0}</UniqueIdentifier>
    </Filter>
  </ItemGroup>
  <ItemGroup>
    <ClInclude Include="src\module\calculator\parse\binary_expression_parser.h">
      <Filter>src\module\calculator\parse</Filter>
    </ClInclude>
    <ClInclude Include="src\module\calculator\parse\command_parser.h">
      <Filter>src\module\calculator\parse</Filter>
    </ClInclude>
    <ClInclude Include="src\module\calculator\parse\compound_parser.h">
      <Filter>src\module\calculator\parse</Filter>
    </ClInclude>
    <ClInclude Include="src\module\calculator\parse\expression_parser.h">
      <Filter>src\module\calculator\parse</Filter>
    </ClInclude>
    <ClInclude Include="src\module\calculator\parse\non_terminal_parser.h">
      <Filter>src\module\calculator\parse</Filter>
    </ClInclude>
    <ClInclude Include="src\module\calculator\parse\number_parser.h">
      <Filter>src\module\calculator\parse</Filter>
    </ClInclude>
    <ClInclude Include="src\module\calculator\parse\operand_node.h">
      <Filter>src\module\calculator\parse</Filter>
    </ClInclude>
    <ClInclude Include="src\module\calculator\parse\operator_node.h">
      <Filter>src\module\calculator\parse</Filter>
    </ClInclude>
    <ClInclude Include="src\module\calculator\parse\parse_context.h">
      <Filter>src\module\calculator\parse</Filter>
    </ClInclude>
    <ClInclude Include="src\module\calculator\parse\parse_result.h">
      <Filter>src\module\calculator\parse</Filter>
    </ClInclude>
    <ClInclude Include="src\module\calculator\parse\parse_status.h">
      <Filter>src\module\calculator\parse</Filter>
    </ClInclude>
    <ClInclude Include="src\module\calculator\parse\parser.h">
      <Filter>src\module\calculator\parse</Filter>
    </ClInclude>
    <ClInclude Include="src\module\calculator\parse\syntax_node.h">
      <Filter>src\module\calculator\parse</Filter>
    </ClInclude>
    <ClInclude Include="src\module\calculator\parse\terminal_parser.h">
      <Filter>src\module\calculator\parse</Filter>
    </ClInclude>
    <ClInclude Include="src\module\calculator\parse\unary_expression_parser.h">
      <Filter>src\module\calculator\parse</Filter>
    </ClInclude>
    <ClInclude Include="src\module\calculator\evaluate\evaluate_result.h">
      <Filter>src\module\calculator\evaluate</Filter>
    </ClInclude>
    <ClInclude Include="src\module\calculator\evaluate\evaluate_status.h">
      <Filter>src\module\calculator\evaluate</Filter>
    </ClInclude>
    <ClInclude Include="src\module\calculator\evaluate\evaluator.h">
      <Filter>src\module\calculator\evaluate</Filter>
    </ClInclude>
    <ClInclude Include="src\module\calculator\evaluate\operand_evaluator.h">
      <Filter>src\module\calculator\evaluate</Filter>
    </ClInclude>
    <ClInclude Include="src\module\calculator\evaluate\operator_evaluator.h">
      <Filter>src\module\calculator\evaluate</Filter>
    </ClInclude>
    <ClInclude Include="src\module\calculator\parse\decimal_number_parser.h">
      <Filter>src\module\calculator\parse</Filter>
    </ClInclude>
    <ClInclude Include="src\module\calculator\parse\non_decimal_number_parser.h">
      <Filter>src\module\calculator\parse</Filter>
    </ClInclude>
    <ClInclude Include="src\module\module.h">
      <Filter>src\module</Filter>
    </ClInclude>
    <ClInclude Include="src\module\command.h">
      <Filter>src\module</Filter>
    </ClInclude>
    <ClInclude Include="src\module\calculator\calculator_module.h">
      <Filter>src\module\calculator</Filter>
    </ClInclude>
    <ClInclude Include="src\module\calculator\calculator_command.h">
      <Filter>src\module\calculator</Filter>
    </ClInclude>
    <ClInclude Include="src\module\calculator\parse\modifier.h">
      <Filter>src\module\calculator\parse</Filter>
    </ClInclude>
    <ClInclude Include="src\module\calculator\parse\modifier_parser.h">
      <Filter>src\module\calculator\parse</Filter>
    </ClInclude>
    <ClInclude Include="src\module\calculator\parse\literal_parser.h">
      <Filter>src\module\calculator\parse</Filter>
    </ClInclude>
    <ClInclude Include="src\module\calculator\parse\octal_number_parser.h">
      <Filter>src\module\calculator\parse</Filter>
    </ClInclude>
    <ClInclude Include="src\module\calculator\parse\number_unit.h">
      <Filter>src\module\calculator\parse</Filter>
    </ClInclude>
    <ClInclude Include="src\module\calculator\parse\common_option_set_parser.h">
      <Filter>src\module\calculator\parse</Filter>
    </ClInclude>
    <ClInclude Include="src\module\calculator\parse\extend_option_set_parser.h">
      <Filter>src\module\calculator\parse</Filter>
    </ClInclude>
    <ClInclude Include="src\module\meta\meta_module.h">
      <Filter>src\module\meta</Filter>
    </ClInclude>
    <ClInclude Include="src\module\meta\meta_command.h">
      <Filter>src\module\meta</Filter>
    </ClInclude>
  </ItemGroup>
  <ItemGroup>
    <ClCompile Include="src\module\calculator\parse\binary_expression_parser.cpp">
      <Filter>src\module\calculator\parse</Filter>
    </ClCompile>
    <ClCompile Include="src\module\calculator\parse\command_parser.cpp">
      <Filter>src\module\calculator\parse</Filter>
    </ClCompile>
    <ClCompile Include="src\module\calculator\parse\compound_parser.cpp">
      <Filter>src\module\calculator\parse</Filter>
    </ClCompile>
    <ClCompile Include="src\module\calculator\parse\expression_parser.cpp">
      <Filter>src\module\calculator\parse</Filter>
    </ClCompile>
    <ClCompile Include="src\module\calculator\parse\non_terminal_parser.cpp">
      <Filter>src\module\calculator\parse</Filter>
    </ClCompile>
    <ClCompile Include="src\module\calculator\parse\number_parser.cpp">
      <Filter>src\module\calculator\parse</Filter>
    </ClCompile>
    <ClCompile Include="src\module\calculator\parse\parse_result.cpp">
      <Filter>src\module\calculator\parse</Filter>
    </ClCompile>
    <ClCompile Include="src\module\calculator\parse\unary_expression_parser.cpp">
      <Filter>src\module\calculator\parse</Filter>
    </ClCompile>
    <ClCompile Include="src\module\calculator\evaluate\evaluator.cpp">
      <Filter>src\module\calculator\evaluate</Filter>
    </ClCompile>
    <ClCompile Include="src\module\calculator\evaluate\operand_evaluator.cpp">
      <Filter>src\module\calculator\evaluate</Filter>
    </ClCompile>
    <ClCompile Include="src\module\calculator\evaluate\operator_evaluator.cpp">
      <Filter>src\module\calculator\evaluate</Filter>
    </ClCompile>
    <ClCompile Include="src\module\calculator\parse\decimal_number_parser.cpp">
      <Filter>src\module\calculator\parse</Filter>
    </ClCompile>
    <ClCompile Include="src\module\calculator\parse\non_decimal_number_parser.cpp">
      <Filter>src\module\calculator\parse</Filter>
    </ClCompile>
    <ClCompile Include="src\module\calculator\calculator_module.cpp">
      <Filter>src\module\calculator</Filter>
    </ClCompile>
    <ClCompile Include="src\module\calculator\calculator_command.cpp">
      <Filter>src\module\calculator</Filter>
    </ClCompile>
    <ClCompile Include="src\module\calculator\parse\modifier_parser.cpp">
      <Filter>src\module\calculator\parse</Filter>
    </ClCompile>
    <ClCompile Include="src\module\calculator\parse\literal_parser.cpp">
      <Filter>src\module\calculator\parse</Filter>
    </ClCompile>
    <ClCompile Include="src\module\calculator\parse\octal_number_parser.cpp">
      <Filter>src\module\calculator\parse</Filter>
    </ClCompile>
    <ClCompile Include="src\module\calculator\parse\common_option_set_parser.cpp">
      <Filter>src\module\calculator\parse</Filter>
    </ClCompile>
    <ClCompile Include="src\module\calculator\parse\extend_option_set_parser.cpp">
      <Filter>src\module\calculator\parse</Filter>
    </ClCompile>
    <ClCompile Include="src\module\calculator\parse\number_unit.cpp">
      <Filter>src\module\calculator\parse</Filter>
    </ClCompile>
    <ClCompile Include="src\module\meta\meta_module.cpp">
      <Filter>src\module\meta</Filter>
    </ClCompile>
    <ClCompile Include="src\module\meta\meta_command.cpp">
      <Filter>src\module\meta</Filter>
    </ClCompile>
  </ItemGroup>
</Project>