<?xml version="1.0" encoding="utf-8"?>
<Project ToolsVersion="4.0" xmlns="http://schemas.microsoft.com/developer/msbuild/2003">
  <ItemGroup>
    <Filter Include="src">
      <UniqueIdentifier>{524c58ce-c206-458f-93ad-16a31221f9c4}</UniqueIdentifier>
    </Filter>
    <Filter Include="src\module">
      <UniqueIdentifier>{c679a368-4b3f-4eb4-a0fc-a208c4293f85}</UniqueIdentifier>
    </Filter>
    <Filter Include="src\module\calculator">
      <UniqueIdentifier>{86245b7c-c9e8-43cd-85fc-ddbfbbcecce9}</UniqueIdentifier>
    </Filter>
    <Filter Include="src\module\calculator\evaluate">
      <UniqueIdentifier>{2a9f4ce3-feeb-4313-999a-071e64050778}</UniqueIdentifier>
    </Filter>
    <Filter Include="src\module\calculator\parse">
      <UniqueIdentifier>{eb83cf19-b815-43bd-a92b-f3f8a616398a}</UniqueIdentifier>
    </Filter>
    <Filter Include="src\module\meta">
      <UniqueIdentifier>{d7c51e01-083b-4850-976e-14f9638911a0}</UniqueIdentifier>
    </Filter>
    <Filter Include="src\module\user_defined">
      <UniqueIdentifier>{3e9499a2-2dde-4c81-a2e7-347473d4dec1}</UniqueIdentifier>
    </Filter>
    <Filter Include="src\context">
      <UniqueIdentifier>{610c95b6-d7dc-4115-88ad-3cd1bbb93294}</UniqueIdentifier>
    </Filter>
    <Filter Include="src\module\user_defined\preview">
      <UniqueIdentifier>{ed234d1b-b898-4c17-8f90-2781788a61ee}</UniqueIdentifier>
    </Filter>
    <Filter Include="src\module\calculator\preview">
      <UniqueIdentifier>{1b02be87-593d-40df-b8f7-bcea58006f20}</UniqueIdentifier>
    </Filter>
    <Filter Include="src\module\active_path">
      <UniqueIdentifier>{88427da5-45ee-45b1-beab-9af7c6f16dfe}</UniqueIdentifier>
    </Filter>
    <Filter Include="src\utility">
      <UniqueIdentifier>{d3861a93-8807-4c4f-8653-c0a3368c30ca}</UniqueIdentifier>
    </Filter>
  </ItemGroup>
  <ItemGroup>
    <ClInclude Include="src\module\calculator\parse\binary_expression_parser.h">
      <Filter>src\module\calculator\parse</Filter>
    </ClInclude>
    <ClInclude Include="src\module\calculator\parse\command_parser.h">
      <Filter>src\module\calculator\parse</Filter>
    </ClInclude>
    <ClInclude Include="src\module\calculator\parse\compound_parser.h">
      <Filter>src\module\calculator\parse</Filter>
    </ClInclude>
    <ClInclude Include="src\module\calculator\parse\expression_parser.h">
      <Filter>src\module\calculator\parse</Filter>
    </ClInclude>
    <ClInclude Include="src\module\calculator\parse\non_terminal_parser.h">
      <Filter>src\module\calculator\parse</Filter>
    </ClInclude>
    <ClInclude Include="src\module\calculator\parse\number_parser.h">
      <Filter>src\module\calculator\parse</Filter>
    </ClInclude>
    <ClInclude Include="src\module\calculator\parse\operand_node.h">
      <Filter>src\module\calculator\parse</Filter>
    </ClInclude>
    <ClInclude Include="src\module\calculator\parse\operator_node.h">
      <Filter>src\module\calculator\parse</Filter>
    </ClInclude>
    <ClInclude Include="src\module\calculator\parse\parse_context.h">
      <Filter>src\module\calculator\parse</Filter>
    </ClInclude>
    <ClInclude Include="src\module\calculator\parse\parse_result.h">
      <Filter>src\module\calculator\parse</Filter>
    </ClInclude>
    <ClInclude Include="src\module\calculator\parse\parse_status.h">
      <Filter>src\module\calculator\parse</Filter>
    </ClInclude>
    <ClInclude Include="src\module\calculator\parse\parser.h">
      <Filter>src\module\calculator\parse</Filter>
    </ClInclude>
    <ClInclude Include="src\module\calculator\parse\syntax_node.h">
      <Filter>src\module\calculator\parse</Filter>
    </ClInclude>
    <ClInclude Include="src\module\calculator\parse\terminal_parser.h">
      <Filter>src\module\calculator\parse</Filter>
    </ClInclude>
    <ClInclude Include="src\module\calculator\parse\unary_expression_parser.h">
      <Filter>src\module\calculator\parse</Filter>
    </ClInclude>
    <ClInclude Include="src\module\calculator\evaluate\evaluate_result.h">
      <Filter>src\module\calculator\evaluate</Filter>
    </ClInclude>
    <ClInclude Include="src\module\calculator\evaluate\evaluate_status.h">
      <Filter>src\module\calculator\evaluate</Filter>
    </ClInclude>
    <ClInclude Include="src\module\calculator\evaluate\evaluator.h">
      <Filter>src\module\calculator\evaluate</Filter>
    </ClInclude>
    <ClInclude Include="src\module\calculator\evaluate\operand_evaluator.h">
      <Filter>src\module\calculator\evaluate</Filter>
    </ClInclude>
    <ClInclude Include="src\module\calculator\evaluate\operator_evaluator.h">
      <Filter>src\module\calculator\evaluate</Filter>
    </ClInclude>
    <ClInclude Include="src\module\calculator\parse\decimal_number_parser.h">
      <Filter>src\module\calculator\parse</Filter>
    </ClInclude>
    <ClInclude Include="src\module\calculator\parse\non_decimal_number_parser.h">
      <Filter>src\module\calculator\parse</Filter>
    </ClInclude>
    <ClInclude Include="src\module\module.h">
      <Filter>src\module</Filter>
    </ClInclude>
    <ClInclude Include="src\module\command.h">
      <Filter>src\module</Filter>
    </ClInclude>
    <ClInclude Include="src\module\calculator\calculator_module.h">
      <Filter>src\module\calculator</Filter>
    </ClInclude>
    <ClInclude Include="src\module\calculator\calculator_command.h">
      <Filter>src\module\calculator</Filter>
    </ClInclude>
    <ClInclude Include="src\module\calculator\parse\modifier.h">
      <Filter>src\module\calculator\parse</Filter>
    </ClInclude>
    <ClInclude Include="src\module\calculator\parse\modifier_parser.h">
      <Filter>src\module\calculator\parse</Filter>
    </ClInclude>
    <ClInclude Include="src\module\calculator\parse\literal_parser.h">
      <Filter>src\module\calculator\parse</Filter>
    </ClInclude>
    <ClInclude Include="src\module\calculator\parse\octal_number_parser.h">
      <Filter>src\module\calculator\parse</Filter>
    </ClInclude>
    <ClInclude Include="src\module\calculator\parse\number_unit.h">
      <Filter>src\module\calculator\parse</Filter>
    </ClInclude>
    <ClInclude Include="src\module\calculator\parse\common_option_set_parser.h">
      <Filter>src\module\calculator\parse</Filter>
    </ClInclude>
    <ClInclude Include="src\module\calculator\parse\extend_option_set_parser.h">
      <Filter>src\module\calculator\parse</Filter>
    </ClInclude>
    <ClInclude Include="src\module\meta\meta_module.h">
      <Filter>src\module\meta</Filter>
    </ClInclude>
    <ClInclude Include="src\module\meta\meta_command.h">
      <Filter>src\module\meta</Filter>
    </ClInclude>
    <ClInclude Include="src\module\user_defined\user_defined_module.h">
      <Filter>src\module\user_defined</Filter>
    </ClInclude>
    <ClInclude Include="src\module\user_defined\user_defined_entry.h">
      <Filter>src\module\user_defined</Filter>
    </ClInclude>
    <ClInclude Include="src\module\user_defined\user_defined_entry_reading.h">
      <Filter>src\module\user_defined</Filter>
    </ClInclude>
    <ClInclude Include="src\module\user_defined\user_defined_command.h">
      <Filter>src\module\user_defined</Filter>
    </ClInclude>
    <ClInclude Include="src\context\desktop_context.h">
      <Filter>src\context</Filter>
    </ClInclude>
    <ClInclude Include="src\context\desktop_context_discovering.h">
      <Filter>src\context</Filter>
    </ClInclude>
    <ClInclude Include="src\context\explorer_discovering.h">
      <Filter>src\context</Filter>
    </ClInclude>
    <ClInclude Include="src\module\user_defined\command_line_parsing.h">
      <Filter>src\module\user_defined</Filter>
    </ClInclude>
    <ClInclude Include="src\context\vs_discovering.h">
      <Filter>src\context</Filter>
    </ClInclude>
    <ClInclude Include="src\module\command_preview_control.h">
      <Filter>src\module</Filter>
    </ClInclude>
    <ClInclude Include="src\module\user_defined\preview\user_defined_command_preview_control.h">
      <Filter>src\module\user_defined\preview</Filter>
    </ClInclude>
    <ClInclude Include="src\module\user_defined\command_parameter_parsing.h">
      <Filter>src\module\user_defined</Filter>
    </ClInclude>
    <ClInclude Include="src\module\calculator\result_text_builder.h">
      <Filter>src\module\calculator</Filter>
    </ClInclude>
    <ClInclude Include="src\module\calculator\preview\numeric_text_formatting.h">
      <Filter>src\module\calculator\preview</Filter>
    </ClInclude>
    <ClInclude Include="src\module\calculator\preview\calculator_preview_control.h">
      <Filter>src\module\calculator\preview</Filter>
    </ClInclude>
    <ClInclude Include="src\module\meta\meta_command_info.h">
      <Filter>src\module\meta</Filter>
    </ClInclude>
    <ClInclude Include="src\module\active_path\active_path_module.h">
      <Filter>src\module\active_path</Filter>
    </ClInclude>
    <ClInclude Include="src\module\active_path\active_path_command.h">
      <Filter>src\module\active_path</Filter>
    </ClInclude>
    <ClInclude Include="src\module\active_path\active_path_option_parsing.h">
      <Filter>src\module\active_path</Filter>
    </ClInclude>
    <ClInclude Include="src\module\active_path\active_path_modifying.h">
      <Filter>src\module\active_path</Filter>
    </ClInclude>
    <ClInclude Include="src\module\active_path\active_path_option.h">
      <Filter>src\module\active_path</Filter>
    </ClInclude>
    <ClInclude Include="src\utility\clipboard.h">
      <Filter>src\utility</Filter>
    </ClInclude>
    <ClInclude Include="src\utility\path_trimming.h">
      <Filter>src\utility</Filter>
    </ClInclude>
    <ClInclude Include="src\about_window.h">
      <Filter>src</Filter>
    </ClInclude>
    <ClInclude Include="src\main_window.h">
      <Filter>src</Filter>
    </ClInclude>
    <ClInclude Include="src\option_window.h">
      <Filter>src</Filter>
    </ClInclude>
    <ClInclude Include="src\preview_view.h">
      <Filter>src</Filter>
    </ClInclude>
    <ClInclude Include="src\hot_key.h">
      <Filter>src</Filter>
    </ClInclude>
    <ClInclude Include="src\hot_key_box.h">
      <Filter>src</Filter>
    </ClInclude>
    <ClInclude Include="src\hot_key_manager.h">
      <Filter>src</Filter>
    </ClInclude>
    <ClInclude Include="src\tray_icon.h">
      <Filter>src</Filter>
    </ClInclude>
    <ClInclude Include="src\context\active_path.h">
      <Filter>src\context</Filter>
    </ClInclude>
    <ClInclude Include="src\context\active_path_decoding.h">
      <Filter>src\context</Filter>
    </ClInclude>
    <ClInclude Include="src\module\user_defined\user_defined_file.h">
      <Filter>src\module\user_defined</Filter>
    </ClInclude>
    <ClInclude Include="src\module\calculator\parse\parse_reader.h">
      <Filter>src\module\calculator\parse</Filter>
    </ClInclude>
    <ClInclude Include="src\module\calculator\command_parsing.h">
      <Filter>src\module\calculator</Filter>
    </ClInclude>
    <ClInclude Include="src\module\calculator\parse\parse_error_reason.h">
      <Filter>src\module\calculator\parse</Filter>
    </ClInclude>
    <ClInclude Include="src\hot_key_utility.h">
      <Filter>src</Filter>
    </ClInclude>
    <ClInclude Include="src\registry_define.h">
      <Filter>src</Filter>
    </ClInclude>
  </ItemGroup>
  <ItemGroup>
    <ClCompile Include="src\module\calculator\parse\binary_expression_parser.cpp">
      <Filter>src\module\calculator\parse</Filter>
    </ClCompile>
    <ClCompile Include="src\module\calculator\parse\command_parser.cpp">
      <Filter>src\module\calculator\parse</Filter>
    </ClCompile>
    <ClCompile Include="src\module\calculator\parse\compound_parser.cpp">
      <Filter>src\module\calculator\parse</Filter>
    </ClCompile>
    <ClCompile Include="src\module\calculator\parse\expression_parser.cpp">
      <Filter>src\module\calculator\parse</Filter>
    </ClCompile>
    <ClCompile Include="src\module\calculator\parse\non_terminal_parser.cpp">
      <Filter>src\module\calculator\parse</Filter>
    </ClCompile>
    <ClCompile Include="src\module\calculator\parse\number_parser.cpp">
      <Filter>src\module\calculator\parse</Filter>
    </ClCompile>
    <ClCompile Include="src\module\calculator\parse\parse_result.cpp">
      <Filter>src\module\calculator\parse</Filter>
    </ClCompile>
    <ClCompile Include="src\module\calculator\parse\unary_expression_parser.cpp">
      <Filter>src\module\calculator\parse</Filter>
    </ClCompile>
    <ClCompile Include="src\module\calculator\evaluate\evaluator.cpp">
      <Filter>src\module\calculator\evaluate</Filter>
    </ClCompile>
    <ClCompile Include="src\module\calculator\evaluate\operand_evaluator.cpp">
      <Filter>src\module\calculator\evaluate</Filter>
    </ClCompile>
    <ClCompile Include="src\module\calculator\evaluate\operator_evaluator.cpp">
      <Filter>src\module\calculator\evaluate</Filter>
    </ClCompile>
    <ClCompile Include="src\module\calculator\parse\decimal_number_parser.cpp">
      <Filter>src\module\calculator\parse</Filter>
    </ClCompile>
    <ClCompile Include="src\module\calculator\parse\non_decimal_number_parser.cpp">
      <Filter>src\module\calculator\parse</Filter>
    </ClCompile>
    <ClCompile Include="src\module\calculator\calculator_module.cpp">
      <Filter>src\module\calculator</Filter>
    </ClCompile>
    <ClCompile Include="src\module\calculator\calculator_command.cpp">
      <Filter>src\module\calculator</Filter>
    </ClCompile>
    <ClCompile Include="src\module\calculator\parse\modifier_parser.cpp">
      <Filter>src\module\calculator\parse</Filter>
    </ClCompile>
    <ClCompile Include="src\module\calculator\parse\literal_parser.cpp">
      <Filter>src\module\calculator\parse</Filter>
    </ClCompile>
    <ClCompile Include="src\module\calculator\parse\octal_number_parser.cpp">
      <Filter>src\module\calculator\parse</Filter>
    </ClCompile>
    <ClCompile Include="src\module\calculator\parse\common_option_set_parser.cpp">
      <Filter>src\module\calculator\parse</Filter>
    </ClCompile>
    <ClCompile Include="src\module\calculator\parse\extend_option_set_parser.cpp">
      <Filter>src\module\calculator\parse</Filter>
    </ClCompile>
    <ClCompile Include="src\module\calculator\parse\number_unit.cpp">
      <Filter>src\module\calculator\parse</Filter>
    </ClCompile>
    <ClCompile Include="src\module\meta\meta_module.cpp">
      <Filter>src\module\meta</Filter>
    </ClCompile>
    <ClCompile Include="src\module\user_defined\user_defined_module.cpp">
      <Filter>src\module\user_defined</Filter>
    </ClCompile>
    <ClCompile Include="src\module\user_defined\user_defined_entry_reading.cpp">
      <Filter>src\module\user_defined</Filter>
    </ClCompile>
    <ClCompile Include="src\module\user_defined\user_defined_command.cpp">
      <Filter>src\module\user_defined</Filter>
    </ClCompile>
    <ClCompile Include="src\context\desktop_context_discovering.cpp">
      <Filter>src\context</Filter>
    </ClCompile>
    <ClCompile Include="src\context\explorer_discovering.cpp">
      <Filter>src\context</Filter>
    </ClCompile>
    <ClCompile Include="src\module\user_defined\command_line_parsing.cpp">
      <Filter>src\module\user_defined</Filter>
    </ClCompile>
    <ClCompile Include="src\context\vs_discovering.cpp">
      <Filter>src\context</Filter>
    </ClCompile>
    <ClCompile Include="src\module\user_defined\preview\user_defined_command_preview_control.cpp">
      <Filter>src\module\user_defined\preview</Filter>
    </ClCompile>
    <ClCompile Include="src\module\user_defined\command_parameter_parsing.cpp">
      <Filter>src\module\user_defined</Filter>
    </ClCompile>
    <ClCompile Include="src\module\calculator\result_text_builder.cpp">
      <Filter>src\module\calculator</Filter>
    </ClCompile>
    <ClCompile Include="src\module\calculator\preview\numeric_text_formatting.cpp">
      <Filter>src\module\calculator\preview</Filter>
    </ClCompile>
    <ClCompile Include="src\module\calculator\preview\calculator_preview_control.cpp">
      <Filter>src\module\calculator\preview</Filter>
    </ClCompile>
    <ClCompile Include="src\module\meta\meta_command_info.cpp">
      <Filter>src\module\meta</Filter>
    </ClCompile>
    <ClCompile Include="src\module\active_path\active_path_module.cpp">
      <Filter>src\module\active_path</Filter>
    </ClCompile>
    <ClCompile Include="src\module\active_path\active_path_command.cpp">
      <Filter>src\module\active_path</Filter>
    </ClCompile>
    <ClCompile Include="src\module\active_path\active_path_modifying.cpp">
      <Filter>src\module\active_path</Filter>
    </ClCompile>
    <ClCompile Include="src\module\active_path\active_path_option_parsing.cpp">
      <Filter>src\module\active_path</Filter>
    </ClCompile>
    <ClCompile Include="src\utility\clipboard.cpp">
      <Filter>src\utility</Filter>
    </ClCompile>
    <ClCompile Include="src\utility\path_trimming.cpp">
      <Filter>src\utility</Filter>
    </ClCompile>
    <ClCompile Include="src\about_window.cpp">
      <Filter>src</Filter>
    </ClCompile>
    <ClCompile Include="src\main_window.cpp">
      <Filter>src</Filter>
    </ClCompile>
    <ClCompile Include="src\option_window.cpp">
      <Filter>src</Filter>
    </ClCompile>
    <ClCompile Include="src\preview_view.cpp">
      <Filter>src</Filter>
    </ClCompile>
    <ClCompile Include="src\hot_key_box.cpp">
      <Filter>src</Filter>
    </ClCompile>
    <ClCompile Include="src\hot_key_manager.cpp">
      <Filter>src</Filter>
    </ClCompile>
    <ClCompile Include="src\tray_icon.cpp">
      <Filter>src</Filter>
    </ClCompile>
    <ClCompile Include="src\context\active_path_decoding.cpp">
      <Filter>src\context</Filter>
    </ClCompile>
    <ClCompile Include="src\module\user_defined\user_defined_file.cpp">
      <Filter>src\module\user_defined</Filter>
    </ClCompile>
    <ClCompile Include="src\module\calculator\parse\parse_context.cpp">
      <Filter>src\module\calculator\parse</Filter>
    </ClCompile>
    <ClCompile Include="src\module\calculator\parse\parse_reader.cpp">
      <Filter>src\module\calculator\parse</Filter>
    </ClCompile>
    <ClCompile Include="src\module\calculator\command_parsing.cpp">
      <Filter>src\module\calculator</Filter>
    </ClCompile>
    <ClCompile Include="src\hot_key_utility.cpp">
      <Filter>src</Filter>
    </ClCompile>
  </ItemGroup>
  <ItemGroup>
    <Page Include="src\module\user_defined\preview\user_defined_command_preview_control.xaml">
      <Filter>src\module\user_defined\preview</Filter>
    </Page>
    <Page Include="src\module\calculator\preview\calculator_preview_control.xaml">
      <Filter>src\module\calculator\preview</Filter>
    </Page>
    <Page Include="src\about_window.xaml">
      <Filter>src</Filter>
    </Page>
    <Page Include="src\main_window.xaml">
      <Filter>src</Filter>
    </Page>
    <Page Include="src\option_window.xaml">
      <Filter>src</Filter>
    </Page>
    <Page Include="src\preview_view.xaml">
      <Filter>src</Filter>
    </Page>
  </ItemGroup>
  <ItemGroup>
    <None Include="packages.config" />
  </ItemGroup>
</Project>