<?xml version="1.0" encoding="utf-8"?>
<Project ToolsVersion="4.0" xmlns="http://schemas.microsoft.com/developer/msbuild/2003">
  <ItemGroup>
    <Filter Include="src">
      <UniqueIdentifier>{e32ffdac-2d21-4b68-b43d-5d350f8a0696}</UniqueIdentifier>
    </Filter>
  </ItemGroup>
  <ItemGroup>
    <ClCompile Include="src\main.cpp">
      <Filter>src</Filter>
    </ClCompile>
    <ClCompile Include="src\main_window.cpp">
      <Filter>src</Filter>
    </ClCompile>
    <ClCompile Include="src\output_view.cpp">
      <Filter>src</Filter>
    </ClCompile>
    <ClCompile Include="src\about_window.cpp">
      <Filter>src</Filter>
    </ClCompile>
    <ClCompile Include="src\tray_icon.cpp">
      <Filter>src</Filter>
    </ClCompile>
    <ClCompile Include="src\option_window.cpp">
      <Filter>src</Filter>
    </ClCompile>
    <ClCompile Include="src\hot_key_box.cpp">
      <Filter>src</Filter>
    </ClCompile>
    <ClCompile Include="src\hot_key_manager.cpp">
      <Filter>src</Filter>
    </ClCompile>
  </ItemGroup>
  <ItemGroup>
    <ClInclude Include="src\main_window.h">
      <Filter>src</Filter>
    </ClInclude>
    <ClInclude Include="src\output_view.h">
      <Filter>src</Filter>
    </ClInclude>
    <ClInclude Include="resource.h">
      <Filter>src</Filter>
    </ClInclude>
    <ClInclude Include="src\about_window.h">
      <Filter>src</Filter>
    </ClInclude>
    <ClInclude Include="src\tray_icon.h">
      <Filter>src</Filter>
    </ClInclude>
    <ClInclude Include="src\option_window.h">
      <Filter>src</Filter>
    </ClInclude>
    <ClInclude Include="src\hot_key_box.h">
      <Filter>src</Filter>
    </ClInclude>
    <ClInclude Include="src\hot_key.h">
      <Filter>src</Filter>
    </ClInclude>
    <ClInclude Include="src\hot_key_manager.h">
      <Filter>src</Filter>
    </ClInclude>
  </ItemGroup>
  <ItemGroup>
    <Page Include="src\output_view.xaml">
      <Filter>src</Filter>
    </Page>
    <Page Include="src\main_window.xaml">
      <Filter>src</Filter>
    </Page>
    <Page Include="src\about_window.xaml">
      <Filter>src</Filter>
    </Page>
    <Page Include="src\option_window.xaml">
      <Filter>src</Filter>
    </Page>
  </ItemGroup>
  <ItemGroup>
    <ResourceCompile Include="src\res.rc">
      <Filter>src</Filter>
    </ResourceCompile>
    <ResourceCompile Include="app.rc">
      <Filter>src</Filter>
    </ResourceCompile>
  </ItemGroup>
  <ItemGroup>
    <Image Include="src\icon.ico">
      <Filter>src</Filter>
    </Image>
  </ItemGroup>
</Project>