<?xml version="1.0" encoding="utf-8"?>
<Project ToolsVersion="4.0" xmlns="http://schemas.microsoft.com/developer/msbuild/2003">
  <ItemGroup>
    <None Include="packages.config" />
    <None Include="case\module\tool\md5\md5_test_file1">
      <Filter>case\module\tool\md5</Filter>
    </None>
    <None Include="case\module\tool\md5\md5_test_file2">
      <Filter>case\module\tool\md5</Filter>
    </None>
    <None Include="case\module\tool\md5\md5_test_file3">
      <Filter>case\module\tool\md5</Filter>
    </None>
  </ItemGroup>
  <ItemGroup>
    <Filter Include="case">
      <UniqueIdentifier>{0150adb4-1531-46dd-906f-dd19cf3b50d4}</UniqueIdentifier>
    </Filter>
    <Filter Include="case\module">
      <UniqueIdentifier>{4c5b3bd6-667a-41ad-a5b4-1f4eb5a80aee}</UniqueIdentifier>
    </Filter>
    <Filter Include="case\module\calculator">
      <UniqueIdentifier>{15a004ce-aff7-4333-b46a-b41180099fc9}</UniqueIdentifier>
    </Filter>
    <Filter Include="case\module\user_defined">
      <UniqueIdentifier>{b1ae2df2-d734-4e42-8d9f-73b3178fa70a}</UniqueIdentifier>
    </Filter>
    <Filter Include="case\module\active_path">
      <UniqueIdentifier>{a21eaaaa-06c7-429b-bf4d-2550468e573c}</UniqueIdentifier>
    </Filter>
    <Filter Include="case\module\meta">
      <UniqueIdentifier>{2a0718a0-8a2b-47a2-aab9-24a609300831}</UniqueIdentifier>
    </Filter>
    <Filter Include="case\context">
      <UniqueIdentifier>{a203b8ac-7174-4b55-b116-97a41d7246b6}</UniqueIdentifier>
    </Filter>
    <Filter Include="case\module\user_defined\parse">
      <UniqueIdentifier>{de61a9b8-787b-4759-a9f5-b8157c8a9ff3}</UniqueIdentifier>
    </Filter>
    <Filter Include="case\context\discover">
      <UniqueIdentifier>{e66f5810-c5af-49d7-b2af-9fe4e5168d70}</UniqueIdentifier>
    </Filter>
    <Filter Include="case\module\tool">
      <UniqueIdentifier>{6aa5e497-be3c-4671-8493-ad5d6cc613fa}</UniqueIdentifier>
    </Filter>
    <Filter Include="case\module\tool\date">
      <UniqueIdentifier>{44bc8a9f-6f86-4bd7-be42-a7d6b8abdf09}</UniqueIdentifier>
    </Filter>
    <Filter Include="case\module\tool\rgb">
      <UniqueIdentifier>{c4957a72-a749-47f6-ac35-9e6789bc8a1a}</UniqueIdentifier>
    </Filter>
    <Filter Include="case\module\tool\md5">
      <UniqueIdentifier>{fcb77508-bb6b-4737-933c-703701cbd09c}</UniqueIdentifier>
    </Filter>
    <Filter Include="case\module\tool\hex">
      <UniqueIdentifier>{ad46c9fc-4577-4b95-82f0-cd769c878067}</UniqueIdentifier>
    </Filter>
    <Filter Include="case\utility">
      <UniqueIdentifier>{a46ce4f1-77fa-4793-b1ce-e293f5ee361e}</UniqueIdentifier>
    </Filter>
    <Filter Include="case\module\tool\error">
      <UniqueIdentifier>{a67680fc-0132-48d2-8727-41f14f871f9d}</UniqueIdentifier>
    </Filter>
    <Filter Include="case\main">
      <UniqueIdentifier>{0c6f4b66-1270-4c45-8711-98fcf04add48}</UniqueIdentifier>
    </Filter>
    <Filter Include="case\module\tool\base64">
      <UniqueIdentifier>{6091369f-bb13-4c04-9a86-15315067b94e}</UniqueIdentifier>
    </Filter>
  </ItemGroup>
  <ItemGroup>
    <ClCompile Include="case\module\calculator\decimal_number_parser_test.cpp">
      <Filter>case\module\calculator</Filter>
    </ClCompile>
    <ClCompile Include="case\module\calculator\non_decimal_number_parser_test.cpp">
      <Filter>case\module\calculator</Filter>
    </ClCompile>
    <ClCompile Include="case\module\calculator\number_parser_test.cpp">
      <Filter>case\module\calculator</Filter>
    </ClCompile>
    <ClCompile Include="case\module\calculator\number_parser_test_utility.cpp">
      <Filter>case\module\calculator</Filter>
    </ClCompile>
    <ClCompile Include="case\module\calculator\command_parser_test.cpp">
      <Filter>case\module\calculator</Filter>
    </ClCompile>
    <ClCompile Include="case\module\calculator\modifier_parser_test.cpp">
      <Filter>case\module\calculator</Filter>
    </ClCompile>
    <ClCompile Include="case\module\calculator\octal_number_parser_test.cpp">
      <Filter>case\module\calculator</Filter>
    </ClCompile>
    <ClCompile Include="case\module\calculator\common_option_set_parser_test.cpp">
      <Filter>case\module\calculator</Filter>
    </ClCompile>
    <ClCompile Include="case\module\calculator\extend_option_set_parser_test.cpp">
      <Filter>case\module\calculator</Filter>
    </ClCompile>
    <ClCompile Include="case\module\calculator\expression_parser_test.cpp">
      <Filter>case\module\calculator</Filter>
    </ClCompile>
    <ClCompile Include="case\module\active_path\active_path_option_parsing_test.cpp">
      <Filter>case\module\active_path</Filter>
    </ClCompile>
    <ClCompile Include="case\module\meta\meta_command_info_test.cpp">
      <Filter>case\module\meta</Filter>
    </ClCompile>
    <ClCompile Include="case\module\active_path\active_path_modifying_test.cpp">
      <Filter>case\module\active_path</Filter>
    </ClCompile>
    <ClCompile Include="case\module\calculator\binary_expression_parser_test.cpp">
      <Filter>case\module\calculator</Filter>
    </ClCompile>
    <ClCompile Include="case\module\calculator\unary_expression_parser_test.cpp">
      <Filter>case\module\calculator</Filter>
    </ClCompile>
    <ClCompile Include="case\module\calculator\literal_parser_test.cpp">
      <Filter>case\module\calculator</Filter>
    </ClCompile>
    <ClCompile Include="case\module\calculator\command_parsing_test.cpp">
      <Filter>case\module\calculator</Filter>
    </ClCompile>
    <ClCompile Include="main.cpp" />
    <ClCompile Include="case\module\meta\meta_module_test.cpp">
      <Filter>case\module\meta</Filter>
    </ClCompile>
    <ClCompile Include="case\environment_variable_manager_test.cpp">
      <Filter>case</Filter>
    </ClCompile>
    <ClCompile Include="case\module\calculator\result_text_builder_test.cpp">
      <Filter>case\module\calculator</Filter>
    </ClCompile>
    <ClCompile Include="case\module\user_defined\bundle_parser_test.cpp">
      <Filter>case\module\user_defined</Filter>
    </ClCompile>
    <ClCompile Include="case\module\calculator\command_evaluating_test.cpp">
      <Filter>case\module\calculator</Filter>
    </ClCompile>
    <ClCompile Include="case\module\user_defined\bundle_importer_test.cpp">
      <Filter>case\module\user_defined</Filter>
    </ClCompile>
    <ClCompile Include="case\module\user_defined\parse\variable_formatter_test.cpp">
      <Filter>case\module\user_defined\parse</Filter>
    </ClCompile>
    <ClCompile Include="case\module\user_defined\parse\entry_command_placeholder_parsing_test.cpp">
      <Filter>case\module\user_defined\parse</Filter>
    </ClCompile>
    <ClCompile Include="case\module\user_defined\parse\entry_command_parsing_test.cpp">
      <Filter>case\module\user_defined\parse</Filter>
    </ClCompile>
    <ClCompile Include="case\context\discover\window_based_discoverer_test.cpp">
      <Filter>case\context\discover</Filter>
    </ClCompile>
    <ClCompile Include="case\module\tool\date\date_command_parsing_test.cpp">
      <Filter>case\module\tool\date</Filter>
    </ClCompile>
    <ClCompile Include="case\module\tool\rgb\rgb_command_test.cpp">
      <Filter>case\module\tool\rgb</Filter>
    </ClCompile>
    <ClCompile Include="case\module\tool\md5\md5_calculating_test.cpp">
      <Filter>case\module\tool\md5</Filter>
    </ClCompile>
    <ClCompile Include="case\module\tool\md5\md5_command_test.cpp">
      <Filter>case\module\tool\md5</Filter>
    </ClCompile>
    <ClCompile Include="case\module\tool\tool_module_test.cpp">
      <Filter>case\module\tool</Filter>
    </ClCompile>
    <ClCompile Include="case\module\tool\hex\hex_command_test.cpp">
      <Filter>case\module\tool\hex</Filter>
    </ClCompile>
    <ClCompile Include="case\module\tool\hex\hex_preview_control_test.cpp">
      <Filter>case\module\tool\hex</Filter>
    </ClCompile>
    <ClCompile Include="case\utility\numeric_text_formatting_test.cpp">
      <Filter>case\utility</Filter>
    </ClCompile>
    <ClCompile Include="case\module\tool\error\error_command_test.cpp">
      <Filter>case\module\tool\error</Filter>
    </ClCompile>
    <ClCompile Include="case\utility\command_line_test.cpp">
      <Filter>case\utility</Filter>
    </ClCompile>
    <ClCompile Include="case\utility\text_utility_test.cpp">
      <Filter>case\utility</Filter>
    </ClCompile>
    <ClCompile Include="case\main\clipboard_data_test.cpp">
      <Filter>case\main</Filter>
    </ClCompile>
    <ClCompile Include="case\module\tool\base64\base64_command_parsing_test.cpp">
      <Filter>case\module\tool\base64</Filter>
    </ClCompile>
    <ClCompile Include="case\module\active_path\active_path_module_test.cpp">
      <Filter>case\module\active_path</Filter>
    </ClCompile>
    <ClCompile Include="case\module\tool\md5\md5_command_parsing_test.cpp">
      <Filter>case\module\tool\md5</Filter>
    </ClCompile>
    <ClCompile Include="case\module\tool\hex\hex_command_parsing_test.cpp">
      <Filter>case\module\tool\hex</Filter>
    </ClCompile>
  </ItemGroup>
  <ItemGroup>
    <ClInclude Include="case\module\calculator\number_parser_test_utility.h">
      <Filter>case\module\calculator</Filter>
    </ClInclude>
  </ItemGroup>
  <ItemGroup>
    <ResourceCompile Include="..\src\res.rc" />
  </ItemGroup>
  <ItemGroup>
    <Text Include="case\module\tool\hex\hex_test_file1.txt">
      <Filter>case\module\tool\hex</Filter>
    </Text>
    <Text Include="case\module\tool\hex\hex_test_file2.txt">
      <Filter>case\module\tool\hex</Filter>
    </Text>
    <Text Include="case\module\tool\hex\hex_test_file3.txt">
      <Filter>case\module\tool\hex</Filter>
    </Text>
    <Text Include="case\module\tool\hex\hex_test_file4.txt">
      <Filter>case\module\tool\hex</Filter>
    </Text>
  </ItemGroup>
</Project>