<?xml version="1.0" encoding="utf-8"?>
<Project ToolsVersion="4.0" xmlns="http://schemas.microsoft.com/developer/msbuild/2003">
  <ItemGroup>
    <Filter Include="src">
      <UniqueIdentifier>{01a1edbc-02cf-42a3-b8b7-3f717cdfdae9}</UniqueIdentifier>
    </Filter>
  </ItemGroup>
  <ItemGroup>
    <ClCompile Include="src\dll_main.cpp">
      <Filter>src</Filter>
    </ClCompile>
    <ClCompile Include="src\install_helper.cpp">
      <Filter>src</Filter>
    </ClCompile>
    <ClCompile Include="src\vs_detecting.cpp">
      <Filter>src</Filter>
    </ClCompile>
  </ItemGroup>
  <ItemGroup>
    <None Include="packages.config" />
  </ItemGroup>
  <ItemGroup>
    <ClInclude Include="src\install_helper.h">
      <Filter>src</Filter>
    </ClInclude>
    <ClInclude Include="src\vs_detecting.h">
      <Filter>src</Filter>
    </ClInclude>
  </ItemGroup>
</Project>