
Microsoft Visual Studio Solution File, Format Version 12.00
# Visual Studio Version 16
VisualStudioVersion = 16.0.31205.134
MinimumVisualStudioVersion = 10.0.40219.1
Project("{8BC9CEB8-8B4A-11D0-8D11-00A0C91BC942}") = "InstallHelper", "InstallHelper.vcxproj", "{8DD9905E-CD21-4114-8084-CA851F0AD750}"
EndProject
Project("{8BC9CEB8-8B4A-11D0-8D11-00A0C91BC942}") = "Playground", "playground\Playground.vcxproj", "{D3C73F01-3B3F-4568-A582-B3A13B389F15}"
	ProjectSection(ProjectDependencies) = postProject
		{8DD9905E-CD21-4114-8084-CA851F0AD750} = {8DD9905E-CD21-4114-8084-CA851F0AD750}
	EndProjectSection
EndProject
Global
	GlobalSection(SolutionConfigurationPlatforms) = preSolution
		Debug|x86 = Debug|x86
		Release|x86 = Release|x86
	EndGlobalSection
	GlobalSection(ProjectConfigurationPlatforms) = postSolution
		{8DD9905E-CD21-4114-8084-CA851F0AD750}.Debug|x86.ActiveCfg = Debug|Win32
		{8DD9905E-CD21-4114-8084-CA851F0AD750}.Debug|x86.Build.0 = Debug|Win32
		{8DD9905E-CD21-4114-8084-CA851F0AD750}.Release|x86.ActiveCfg = Release|Win32
		{8DD9905E-CD21-4114-8084-CA851F0AD750}.Release|x86.Build.0 = Release|Win32
		{D3C73F01-3B3F-4568-A582-B3A13B389F15}.Debug|x86.ActiveCfg = Debug|Win32
		{D3C73F01-3B3F-4568-A582-B3A13B389F15}.Debug|x86.Build.0 = Debug|Win32
		{D3C73F01-3B3F-4568-A582-B3A13B389F15}.Release|x86.ActiveCfg = Release|Win32
		{D3C73F01-3B3F-4568-A582-B3A13B389F15}.Release|x86.Build.0 = Release|Win32
	EndGlobalSection
	GlobalSection(SolutionProperties) = preSolution
		HideSolutionNode = FALSE
	EndGlobalSection
	GlobalSection(ExtensibilityGlobals) = postSolution
		SolutionGuid = {CEA975AF-D096-4143-A0C9-799BE5B24DED}
	EndGlobalSection
EndGlobal
